// !$*UTF8*$!
{
	archiveVersion = 1;
	classes = {
	};
	objectVersion = 46;
	objects = {

/* Begin PBXBuildFile section */
		641D83CD196CB592001700EC /* Cocoa.framework in Frameworks */ = {isa = PBXBuildFile; fileRef = 641D83CC196CB592001700EC /* Cocoa.framework */; };
		641D83D7196CB592001700EC /* InfoPlist.strings in Resources */ = {isa = PBXBuildFile; fileRef = 641D83D5196CB592001700EC /* InfoPlist.strings */; };
		641D83DB196CB592001700EC /* OpenCast.m in Sources */ = {isa = PBXBuildFile; fileRef = 641D83DA196CB592001700EC /* OpenCast.m */; };
		641D83E2196CB592001700EC /* XCTest.framework in Frameworks */ = {isa = PBXBuildFile; fileRef = 641D83E1196CB592001700EC /* XCTest.framework */; };
		641D83E3196CB592001700EC /* Cocoa.framework in Frameworks */ = {isa = PBXBuildFile; fileRef = 641D83CC196CB592001700EC /* Cocoa.framework */; };
		641D83E6196CB592001700EC /* OpenCast.framework in Frameworks */ = {isa = PBXBuildFile; fileRef = 641D83C9196CB592001700EC /* OpenCast.framework */; };
		641D83EC196CB592001700EC /* InfoPlist.strings in Resources */ = {isa = PBXBuildFile; fileRef = 641D83EA196CB592001700EC /* InfoPlist.strings */; };
		641D83EE196CB592001700EC /* OpenCastTests.m in Sources */ = {isa = PBXBuildFile; fileRef = 641D83ED196CB592001700EC /* OpenCastTests.m */; };
		641D83F9196CB874001700EC /* OCDeviceScanner.h in Headers */ = {isa = PBXBuildFile; fileRef = 641D83F7196CB874001700EC /* OCDeviceScanner.h */; settings = {ATTRIBUTES = (Public, ); }; };
		641D83FA196CB874001700EC /* OCDeviceScanner.m in Sources */ = {isa = PBXBuildFile; fileRef = 641D83F8196CB874001700EC /* OCDeviceScanner.m */; };
		64BC9948196CCBBA003968FF /* OCDevice.h in Headers */ = {isa = PBXBuildFile; fileRef = 64BC9946196CCBBA003968FF /* OCDevice.h */; settings = {ATTRIBUTES = (Public, ); }; };
		64BC9949196CCBBA003968FF /* OCDevice.m in Sources */ = {isa = PBXBuildFile; fileRef = 64BC9947196CCBBA003968FF /* OCDevice.m */; };
		64BC995C196CD585003968FF /* OpenCast.h in Headers */ = {isa = PBXBuildFile; fileRef = 641D83D9196CB592001700EC /* OpenCast.h */; settings = {ATTRIBUTES = (Public, ); }; };
		64BC9976196E0C3D003968FF /* cast_channel.pb.h in Headers */ = {isa = PBXBuildFile; fileRef = 64BC9974196E0C3D003968FF /* cast_channel.pb.h */; };
		64BC9977196E0C3D003968FF /* cast_channel.pb.m in Sources */ = {isa = PBXBuildFile; fileRef = 64BC9975196E0C3D003968FF /* cast_channel.pb.m */; };
		64BC99ED196E27E3003968FF /* CodedInputStream.h in Headers */ = {isa = PBXBuildFile; fileRef = 64BC997C196E27E2003968FF /* CodedInputStream.h */; };
		64BC99EE196E27E3003968FF /* CodedInputStream.m in Sources */ = {isa = PBXBuildFile; fileRef = 64BC997D196E27E2003968FF /* CodedInputStream.m */; };
		64BC99EF196E27E3003968FF /* CodedOutputStream.h in Headers */ = {isa = PBXBuildFile; fileRef = 64BC997E196E27E2003968FF /* CodedOutputStream.h */; };
		64BC99F0196E27E3003968FF /* CodedOutputStream.m in Sources */ = {isa = PBXBuildFile; fileRef = 64BC997F196E27E2003968FF /* CodedOutputStream.m */; };
		64BC99F1196E27E3003968FF /* ExtendableMessage.h in Headers */ = {isa = PBXBuildFile; fileRef = 64BC9980196E27E2003968FF /* ExtendableMessage.h */; };
		64BC99F2196E27E3003968FF /* ExtendableMessage.m in Sources */ = {isa = PBXBuildFile; fileRef = 64BC9981196E27E2003968FF /* ExtendableMessage.m */; };
		64BC99F3196E27E3003968FF /* ExtendableMessage_Builder.h in Headers */ = {isa = PBXBuildFile; fileRef = 64BC9982196E27E2003968FF /* ExtendableMessage_Builder.h */; };
		64BC99F4196E27E3003968FF /* ExtendableMessage_Builder.m in Sources */ = {isa = PBXBuildFile; fileRef = 64BC9983196E27E2003968FF /* ExtendableMessage_Builder.m */; };
		64BC99F5196E27E3003968FF /* ExtensionField.h in Headers */ = {isa = PBXBuildFile; fileRef = 64BC9984196E27E2003968FF /* ExtensionField.h */; };
		64BC99F6196E27E3003968FF /* ExtensionField.m in Sources */ = {isa = PBXBuildFile; fileRef = 64BC9985196E27E2003968FF /* ExtensionField.m */; };
		64BC99F7196E27E3003968FF /* ExtensionRegistry.h in Headers */ = {isa = PBXBuildFile; fileRef = 64BC9986196E27E2003968FF /* ExtensionRegistry.h */; };
		64BC99F8196E27E3003968FF /* ExtensionRegistry.m in Sources */ = {isa = PBXBuildFile; fileRef = 64BC9987196E27E2003968FF /* ExtensionRegistry.m */; };
		64BC99F9196E27E3003968FF /* Field.h in Headers */ = {isa = PBXBuildFile; fileRef = 64BC9988196E27E2003968FF /* Field.h */; };
		64BC99FA196E27E3003968FF /* Field.m in Sources */ = {isa = PBXBuildFile; fileRef = 64BC9989196E27E2003968FF /* Field.m */; };
		64BC99FB196E27E3003968FF /* GeneratedMessage.h in Headers */ = {isa = PBXBuildFile; fileRef = 64BC998A196E27E2003968FF /* GeneratedMessage.h */; };
		64BC99FC196E27E3003968FF /* GeneratedMessage.m in Sources */ = {isa = PBXBuildFile; fileRef = 64BC998B196E27E2003968FF /* GeneratedMessage.m */; };
		64BC99FD196E27E3003968FF /* GeneratedMessage_Builder.h in Headers */ = {isa = PBXBuildFile; fileRef = 64BC998C196E27E2003968FF /* GeneratedMessage_Builder.h */; };
		64BC99FE196E27E3003968FF /* GeneratedMessage_Builder.m in Sources */ = {isa = PBXBuildFile; fileRef = 64BC998D196E27E2003968FF /* GeneratedMessage_Builder.m */; };
		64BC99FF196E27E3003968FF /* Message.h in Headers */ = {isa = PBXBuildFile; fileRef = 64BC998E196E27E2003968FF /* Message.h */; };
		64BC9A00196E27E3003968FF /* Message_Builder.h in Headers */ = {isa = PBXBuildFile; fileRef = 64BC998F196E27E2003968FF /* Message_Builder.h */; };
		64BC9A01196E27E3003968FF /* MutableExtensionRegistry.h in Headers */ = {isa = PBXBuildFile; fileRef = 64BC9990196E27E2003968FF /* MutableExtensionRegistry.h */; };
		64BC9A02196E27E3003968FF /* MutableExtensionRegistry.m in Sources */ = {isa = PBXBuildFile; fileRef = 64BC9991196E27E2003968FF /* MutableExtensionRegistry.m */; };
		64BC9A03196E27E3003968FF /* MutableField.h in Headers */ = {isa = PBXBuildFile; fileRef = 64BC9992196E27E2003968FF /* MutableField.h */; };
		64BC9A04196E27E3003968FF /* MutableField.m in Sources */ = {isa = PBXBuildFile; fileRef = 64BC9993196E27E2003968FF /* MutableField.m */; };
		64BC9A05196E27E3003968FF /* PBArray.h in Headers */ = {isa = PBXBuildFile; fileRef = 64BC9994196E27E2003968FF /* PBArray.h */; };
		64BC9A06196E27E3003968FF /* PBArray.m in Sources */ = {isa = PBXBuildFile; fileRef = 64BC9995196E27E2003968FF /* PBArray.m */; };
		64BC9A07196E27E3003968FF /* ProtocolModels.h in Headers */ = {isa = PBXBuildFile; fileRef = 64BC9996196E27E2003968FF /* ProtocolModels.h */; };
		64BC9A08196E27E3003968FF /* RingBuffer.h in Headers */ = {isa = PBXBuildFile; fileRef = 64BC9997196E27E2003968FF /* RingBuffer.h */; };
		64BC9A09196E27E3003968FF /* RingBuffer.m in Sources */ = {isa = PBXBuildFile; fileRef = 64BC9998196E27E2003968FF /* RingBuffer.m */; };
		64BC9A0A196E27E3003968FF /* UnknownFieldSet.h in Headers */ = {isa = PBXBuildFile; fileRef = 64BC9999196E27E2003968FF /* UnknownFieldSet.h */; };
		64BC9A0B196E27E3003968FF /* UnknownFieldSet.m in Sources */ = {isa = PBXBuildFile; fileRef = 64BC999A196E27E2003968FF /* UnknownFieldSet.m */; };
		64BC9A0C196E27E3003968FF /* UnknownFieldSet_Builder.h in Headers */ = {isa = PBXBuildFile; fileRef = 64BC999B196E27E2003968FF /* UnknownFieldSet_Builder.h */; };
		64BC9A0D196E27E3003968FF /* UnknownFieldSet_Builder.m in Sources */ = {isa = PBXBuildFile; fileRef = 64BC999C196E27E2003968FF /* UnknownFieldSet_Builder.m */; };
		64BC9A0E196E27E3003968FF /* Utilities.h in Headers */ = {isa = PBXBuildFile; fileRef = 64BC999D196E27E2003968FF /* Utilities.h */; };
		64BC9A0F196E27E3003968FF /* Utilities.m in Sources */ = {isa = PBXBuildFile; fileRef = 64BC999E196E27E2003968FF /* Utilities.m */; };
		64BC9A10196E27E3003968FF /* WireFormat.h in Headers */ = {isa = PBXBuildFile; fileRef = 64BC999F196E27E2003968FF /* WireFormat.h */; };
		64BC9A11196E27E3003968FF /* WireFormat.m in Sources */ = {isa = PBXBuildFile; fileRef = 64BC99A0196E27E2003968FF /* WireFormat.m */; };
		64BC9A12196E27E3003968FF /* golden_message in Resources */ = {isa = PBXBuildFile; fileRef = 64BC99A1196E27E2003968FF /* golden_message */; };
		64BC9A13196E27E3003968FF /* golden_packed_fields_message in Resources */ = {isa = PBXBuildFile; fileRef = 64BC99A2196E27E2003968FF /* golden_packed_fields_message */; };
		64BC9A14196E27E3003968FF /* ProtocolModels_Prefix.pch in Headers */ = {isa = PBXBuildFile; fileRef = 64BC99A7196E27E3003968FF /* ProtocolModels_Prefix.pch */; };
		64BC9A15196E27E3003968FF /* UnitTests-Info.plist in Resources */ = {isa = PBXBuildFile; fileRef = 64BC99A8196E27E3003968FF /* UnitTests-Info.plist */; };
		64BC9A5A196E27FE003968FF /* libProtocolModels.a in Frameworks */ = {isa = PBXBuildFile; fileRef = 64BC9A57196E27E3003968FF /* libProtocolModels.a */; };
		64BC9A651971A9DC003968FF /* OCConstants.h in Headers */ = {isa = PBXBuildFile; fileRef = 64BC9A631971A9DC003968FF /* OCConstants.h */; settings = {ATTRIBUTES = (Public, ); }; };
		64BC9A661971A9DC003968FF /* OCConstants.m in Sources */ = {isa = PBXBuildFile; fileRef = 64BC9A641971A9DC003968FF /* OCConstants.m */; };
/* End PBXBuildFile section */

/* Begin PBXContainerItemProxy section */
		641D83E4196CB592001700EC /* PBXContainerItemProxy */ = {
			isa = PBXContainerItemProxy;
			containerPortal = 641D83C0196CB592001700EC /* Project object */;
			proxyType = 1;
			remoteGlobalIDString = 641D83C8196CB592001700EC;
			remoteInfo = OpenCast;
		};
		64BC9A56196E27E3003968FF /* PBXContainerItemProxy */ = {
			isa = PBXContainerItemProxy;
			containerPortal = 64BC99A3196E27E2003968FF /* ProtocolModels.xcodeproj */;
			proxyType = 2;
			remoteGlobalIDString = D2AAC07E0554694100DB518D;
			remoteInfo = ProtocolModels;
		};
		64BC9A58196E27E3003968FF /* PBXContainerItemProxy */ = {
			isa = PBXContainerItemProxy;
			containerPortal = 64BC99A3196E27E2003968FF /* ProtocolModels.xcodeproj */;
			proxyType = 2;
			remoteGlobalIDString = C5B03F76125179F30087887C;
			remoteInfo = UnitTests;
		};
/* End PBXContainerItemProxy section */

/* Begin PBXFileReference section */
		641D83C9196CB592001700EC /* OpenCast.framework */ = {isa = PBXFileReference; explicitFileType = wrapper.framework; includeInIndex = 0; path = OpenCast.framework; sourceTree = BUILT_PRODUCTS_DIR; };
		641D83CC196CB592001700EC /* Cocoa.framework */ = {isa = PBXFileReference; lastKnownFileType = wrapper.framework; name = Cocoa.framework; path = System/Library/Frameworks/Cocoa.framework; sourceTree = SDKROOT; };
		641D83CF196CB592001700EC /* Foundation.framework */ = {isa = PBXFileReference; lastKnownFileType = wrapper.framework; name = Foundation.framework; path = System/Library/Frameworks/Foundation.framework; sourceTree = SDKROOT; };
		641D83D0196CB592001700EC /* CoreData.framework */ = {isa = PBXFileReference; lastKnownFileType = wrapper.framework; name = CoreData.framework; path = System/Library/Frameworks/CoreData.framework; sourceTree = SDKROOT; };
		641D83D1196CB592001700EC /* AppKit.framework */ = {isa = PBXFileReference; lastKnownFileType = wrapper.framework; name = AppKit.framework; path = System/Library/Frameworks/AppKit.framework; sourceTree = SDKROOT; };
		641D83D4196CB592001700EC /* OpenCast-Info.plist */ = {isa = PBXFileReference; lastKnownFileType = text.plist.xml; path = "OpenCast-Info.plist"; sourceTree = "<group>"; };
		641D83D6196CB592001700EC /* en */ = {isa = PBXFileReference; lastKnownFileType = text.plist.strings; name = en; path = en.lproj/InfoPlist.strings; sourceTree = "<group>"; };
		641D83D8196CB592001700EC /* OpenCast-Prefix.pch */ = {isa = PBXFileReference; lastKnownFileType = sourcecode.c.h; path = "OpenCast-Prefix.pch"; sourceTree = "<group>"; };
		641D83D9196CB592001700EC /* OpenCast.h */ = {isa = PBXFileReference; lastKnownFileType = sourcecode.c.h; path = OpenCast.h; sourceTree = "<group>"; };
		641D83DA196CB592001700EC /* OpenCast.m */ = {isa = PBXFileReference; lastKnownFileType = sourcecode.c.objc; path = OpenCast.m; sourceTree = "<group>"; };
		641D83E0196CB592001700EC /* OpenCastTests.xctest */ = {isa = PBXFileReference; explicitFileType = wrapper.cfbundle; includeInIndex = 0; path = OpenCastTests.xctest; sourceTree = BUILT_PRODUCTS_DIR; };
		641D83E1196CB592001700EC /* XCTest.framework */ = {isa = PBXFileReference; lastKnownFileType = wrapper.framework; name = XCTest.framework; path = Library/Frameworks/XCTest.framework; sourceTree = DEVELOPER_DIR; };
		641D83E9196CB592001700EC /* OpenCastTests-Info.plist */ = {isa = PBXFileReference; lastKnownFileType = text.plist.xml; path = "OpenCastTests-Info.plist"; sourceTree = "<group>"; };
		641D83EB196CB592001700EC /* en */ = {isa = PBXFileReference; lastKnownFileType = text.plist.strings; name = en; path = en.lproj/InfoPlist.strings; sourceTree = "<group>"; };
		641D83ED196CB592001700EC /* OpenCastTests.m */ = {isa = PBXFileReference; lastKnownFileType = sourcecode.c.objc; path = OpenCastTests.m; sourceTree = "<group>"; };
		641D83F7196CB874001700EC /* OCDeviceScanner.h */ = {isa = PBXFileReference; fileEncoding = 4; lastKnownFileType = sourcecode.c.h; path = OCDeviceScanner.h; sourceTree = "<group>"; };
		641D83F8196CB874001700EC /* OCDeviceScanner.m */ = {isa = PBXFileReference; fileEncoding = 4; lastKnownFileType = sourcecode.c.objc; path = OCDeviceScanner.m; sourceTree = "<group>"; };
		64BC9946196CCBBA003968FF /* OCDevice.h */ = {isa = PBXFileReference; fileEncoding = 4; lastKnownFileType = sourcecode.c.h; path = OCDevice.h; sourceTree = "<group>"; };
		64BC9947196CCBBA003968FF /* OCDevice.m */ = {isa = PBXFileReference; fileEncoding = 4; lastKnownFileType = sourcecode.c.objc; path = OCDevice.m; sourceTree = "<group>"; };
		64BC9964196E0266003968FF /* OCDeviceManager.h */ = {isa = PBXFileReference; fileEncoding = 4; lastKnownFileType = sourcecode.c.h; path = OCDeviceManager.h; sourceTree = "<group>"; };
		64BC9965196E0266003968FF /* OCDeviceManager.m */ = {isa = PBXFileReference; fileEncoding = 4; lastKnownFileType = sourcecode.c.objc; path = OCDeviceManager.m; sourceTree = "<group>"; };
		64BC9974196E0C3D003968FF /* cast_channel.pb.h */ = {isa = PBXFileReference; fileEncoding = 4; lastKnownFileType = sourcecode.c.h; path = cast_channel.pb.h; sourceTree = "<group>"; };
		64BC9975196E0C3D003968FF /* cast_channel.pb.m */ = {isa = PBXFileReference; fileEncoding = 4; lastKnownFileType = sourcecode.c.objc; path = cast_channel.pb.m; sourceTree = "<group>"; };
		64BC997C196E27E2003968FF /* CodedInputStream.h */ = {isa = PBXFileReference; fileEncoding = 4; lastKnownFileType = sourcecode.c.h; path = CodedInputStream.h; sourceTree = "<group>"; };
		64BC997D196E27E2003968FF /* CodedInputStream.m */ = {isa = PBXFileReference; fileEncoding = 4; lastKnownFileType = sourcecode.c.objc; path = CodedInputStream.m; sourceTree = "<group>"; };
		64BC997E196E27E2003968FF /* CodedOutputStream.h */ = {isa = PBXFileReference; fileEncoding = 4; lastKnownFileType = sourcecode.c.h; path = CodedOutputStream.h; sourceTree = "<group>"; };
		64BC997F196E27E2003968FF /* CodedOutputStream.m */ = {isa = PBXFileReference; fileEncoding = 4; lastKnownFileType = sourcecode.c.objc; path = CodedOutputStream.m; sourceTree = "<group>"; };
		64BC9980196E27E2003968FF /* ExtendableMessage.h */ = {isa = PBXFileReference; fileEncoding = 4; lastKnownFileType = sourcecode.c.h; path = ExtendableMessage.h; sourceTree = "<group>"; };
		64BC9981196E27E2003968FF /* ExtendableMessage.m */ = {isa = PBXFileReference; fileEncoding = 4; lastKnownFileType = sourcecode.c.objc; path = ExtendableMessage.m; sourceTree = "<group>"; };
		64BC9982196E27E2003968FF /* ExtendableMessage_Builder.h */ = {isa = PBXFileReference; fileEncoding = 4; lastKnownFileType = sourcecode.c.h; path = ExtendableMessage_Builder.h; sourceTree = "<group>"; };
		64BC9983196E27E2003968FF /* ExtendableMessage_Builder.m */ = {isa = PBXFileReference; fileEncoding = 4; lastKnownFileType = sourcecode.c.objc; path = ExtendableMessage_Builder.m; sourceTree = "<group>"; };
		64BC9984196E27E2003968FF /* ExtensionField.h */ = {isa = PBXFileReference; fileEncoding = 4; lastKnownFileType = sourcecode.c.h; path = ExtensionField.h; sourceTree = "<group>"; };
		64BC9985196E27E2003968FF /* ExtensionField.m */ = {isa = PBXFileReference; fileEncoding = 4; lastKnownFileType = sourcecode.c.objc; path = ExtensionField.m; sourceTree = "<group>"; };
		64BC9986196E27E2003968FF /* ExtensionRegistry.h */ = {isa = PBXFileReference; fileEncoding = 4; lastKnownFileType = sourcecode.c.h; path = ExtensionRegistry.h; sourceTree = "<group>"; };
		64BC9987196E27E2003968FF /* ExtensionRegistry.m */ = {isa = PBXFileReference; fileEncoding = 4; lastKnownFileType = sourcecode.c.objc; path = ExtensionRegistry.m; sourceTree = "<group>"; };
		64BC9988196E27E2003968FF /* Field.h */ = {isa = PBXFileReference; fileEncoding = 4; lastKnownFileType = sourcecode.c.h; path = Field.h; sourceTree = "<group>"; };
		64BC9989196E27E2003968FF /* Field.m */ = {isa = PBXFileReference; fileEncoding = 4; lastKnownFileType = sourcecode.c.objc; path = Field.m; sourceTree = "<group>"; };
		64BC998A196E27E2003968FF /* GeneratedMessage.h */ = {isa = PBXFileReference; fileEncoding = 4; lastKnownFileType = sourcecode.c.h; path = GeneratedMessage.h; sourceTree = "<group>"; };
		64BC998B196E27E2003968FF /* GeneratedMessage.m */ = {isa = PBXFileReference; fileEncoding = 4; lastKnownFileType = sourcecode.c.objc; path = GeneratedMessage.m; sourceTree = "<group>"; };
		64BC998C196E27E2003968FF /* GeneratedMessage_Builder.h */ = {isa = PBXFileReference; fileEncoding = 4; lastKnownFileType = sourcecode.c.h; path = GeneratedMessage_Builder.h; sourceTree = "<group>"; };
		64BC998D196E27E2003968FF /* GeneratedMessage_Builder.m */ = {isa = PBXFileReference; fileEncoding = 4; lastKnownFileType = sourcecode.c.objc; path = GeneratedMessage_Builder.m; sourceTree = "<group>"; };
		64BC998E196E27E2003968FF /* Message.h */ = {isa = PBXFileReference; fileEncoding = 4; lastKnownFileType = sourcecode.c.h; path = Message.h; sourceTree = "<group>"; };
		64BC998F196E27E2003968FF /* Message_Builder.h */ = {isa = PBXFileReference; fileEncoding = 4; lastKnownFileType = sourcecode.c.h; path = Message_Builder.h; sourceTree = "<group>"; };
		64BC9990196E27E2003968FF /* MutableExtensionRegistry.h */ = {isa = PBXFileReference; fileEncoding = 4; lastKnownFileType = sourcecode.c.h; path = MutableExtensionRegistry.h; sourceTree = "<group>"; };
		64BC9991196E27E2003968FF /* MutableExtensionRegistry.m */ = {isa = PBXFileReference; fileEncoding = 4; lastKnownFileType = sourcecode.c.objc; path = MutableExtensionRegistry.m; sourceTree = "<group>"; };
		64BC9992196E27E2003968FF /* MutableField.h */ = {isa = PBXFileReference; fileEncoding = 4; lastKnownFileType = sourcecode.c.h; path = MutableField.h; sourceTree = "<group>"; };
		64BC9993196E27E2003968FF /* MutableField.m */ = {isa = PBXFileReference; fileEncoding = 4; lastKnownFileType = sourcecode.c.objc; path = MutableField.m; sourceTree = "<group>"; };
		64BC9994196E27E2003968FF /* PBArray.h */ = {isa = PBXFileReference; fileEncoding = 4; lastKnownFileType = sourcecode.c.h; path = PBArray.h; sourceTree = "<group>"; };
		64BC9995196E27E2003968FF /* PBArray.m */ = {isa = PBXFileReference; fileEncoding = 4; lastKnownFileType = sourcecode.c.objc; path = PBArray.m; sourceTree = "<group>"; };
		64BC9996196E27E2003968FF /* ProtocolModels.h */ = {isa = PBXFileReference; fileEncoding = 4; lastKnownFileType = sourcecode.c.h; path = ProtocolModels.h; sourceTree = "<group>"; };
		64BC9997196E27E2003968FF /* RingBuffer.h */ = {isa = PBXFileReference; fileEncoding = 4; lastKnownFileType = sourcecode.c.h; path = RingBuffer.h; sourceTree = "<group>"; };
		64BC9998196E27E2003968FF /* RingBuffer.m */ = {isa = PBXFileReference; fileEncoding = 4; lastKnownFileType = sourcecode.c.objc; path = RingBuffer.m; sourceTree = "<group>"; };
		64BC9999196E27E2003968FF /* UnknownFieldSet.h */ = {isa = PBXFileReference; fileEncoding = 4; lastKnownFileType = sourcecode.c.h; path = UnknownFieldSet.h; sourceTree = "<group>"; };
		64BC999A196E27E2003968FF /* UnknownFieldSet.m */ = {isa = PBXFileReference; fileEncoding = 4; lastKnownFileType = sourcecode.c.objc; path = UnknownFieldSet.m; sourceTree = "<group>"; };
		64BC999B196E27E2003968FF /* UnknownFieldSet_Builder.h */ = {isa = PBXFileReference; fileEncoding = 4; lastKnownFileType = sourcecode.c.h; path = UnknownFieldSet_Builder.h; sourceTree = "<group>"; };
		64BC999C196E27E2003968FF /* UnknownFieldSet_Builder.m */ = {isa = PBXFileReference; fileEncoding = 4; lastKnownFileType = sourcecode.c.objc; path = UnknownFieldSet_Builder.m; sourceTree = "<group>"; };
		64BC999D196E27E2003968FF /* Utilities.h */ = {isa = PBXFileReference; fileEncoding = 4; lastKnownFileType = sourcecode.c.h; path = Utilities.h; sourceTree = "<group>"; };
		64BC999E196E27E2003968FF /* Utilities.m */ = {isa = PBXFileReference; fileEncoding = 4; lastKnownFileType = sourcecode.c.objc; path = Utilities.m; sourceTree = "<group>"; };
		64BC999F196E27E2003968FF /* WireFormat.h */ = {isa = PBXFileReference; fileEncoding = 4; lastKnownFileType = sourcecode.c.h; path = WireFormat.h; sourceTree = "<group>"; };
		64BC99A0196E27E2003968FF /* WireFormat.m */ = {isa = PBXFileReference; fileEncoding = 4; lastKnownFileType = sourcecode.c.objc; path = WireFormat.m; sourceTree = "<group>"; };
		64BC99A1196E27E2003968FF /* golden_message */ = {isa = PBXFileReference; lastKnownFileType = file; path = golden_message; sourceTree = "<group>"; };
		64BC99A2196E27E2003968FF /* golden_packed_fields_message */ = {isa = PBXFileReference; lastKnownFileType = file; path = golden_packed_fields_message; sourceTree = "<group>"; };
		64BC99A3196E27E2003968FF /* ProtocolModels.xcodeproj */ = {isa = PBXFileReference; lastKnownFileType = "wrapper.pb-project"; path = ProtocolModels.xcodeproj; sourceTree = "<group>"; };
		64BC99A7196E27E3003968FF /* ProtocolModels_Prefix.pch */ = {isa = PBXFileReference; fileEncoding = 4; lastKnownFileType = sourcecode.c.h; path = ProtocolModels_Prefix.pch; sourceTree = "<group>"; };
		64BC99A8196E27E3003968FF /* UnitTests-Info.plist */ = {isa = PBXFileReference; fileEncoding = 4; lastKnownFileType = text.plist.xml; path = "UnitTests-Info.plist"; sourceTree = "<group>"; };
		64BC9A631971A9DC003968FF /* OCConstants.h */ = {isa = PBXFileReference; fileEncoding = 4; lastKnownFileType = sourcecode.c.h; path = OCConstants.h; sourceTree = "<group>"; };
		64BC9A641971A9DC003968FF /* OCConstants.m */ = {isa = PBXFileReference; fileEncoding = 4; lastKnownFileType = sourcecode.c.objc; path = OCConstants.m; sourceTree = "<group>"; };
/* End PBXFileReference section */

/* Begin PBXFrameworksBuildPhase section */
		641D83C5196CB592001700EC /* Frameworks */ = {
			isa = PBXFrameworksBuildPhase;
			buildActionMask = 2147483647;
			files = (
				64BC9A5A196E27FE003968FF /* libProtocolModels.a in Frameworks */,
				641D83CD196CB592001700EC /* Cocoa.framework in Frameworks */,
			);
			runOnlyForDeploymentPostprocessing = 0;
		};
		641D83DD196CB592001700EC /* Frameworks */ = {
			isa = PBXFrameworksBuildPhase;
			buildActionMask = 2147483647;
			files = (
				641D83E3196CB592001700EC /* Cocoa.framework in Frameworks */,
				641D83E2196CB592001700EC /* XCTest.framework in Frameworks */,
				641D83E6196CB592001700EC /* OpenCast.framework in Frameworks */,
			);
			runOnlyForDeploymentPostprocessing = 0;
		};
/* End PBXFrameworksBuildPhase section */

/* Begin PBXGroup section */
		641D83BF196CB592001700EC = {
			isa = PBXGroup;
			children = (
				641D83D2196CB592001700EC /* OpenCast */,
				641D83E7196CB592001700EC /* OpenCastTests */,
				64BC9971196E0C07003968FF /* Libraries */,
				641D83CB196CB592001700EC /* Frameworks */,
				641D83CA196CB592001700EC /* Products */,
			);
			sourceTree = "<group>";
		};
		641D83CA196CB592001700EC /* Products */ = {
			isa = PBXGroup;
			children = (
				641D83C9196CB592001700EC /* OpenCast.framework */,
				641D83E0196CB592001700EC /* OpenCastTests.xctest */,
			);
			name = Products;
			sourceTree = "<group>";
		};
		641D83CB196CB592001700EC /* Frameworks */ = {
			isa = PBXGroup;
			children = (
				641D83CC196CB592001700EC /* Cocoa.framework */,
				641D83E1196CB592001700EC /* XCTest.framework */,
				641D83CE196CB592001700EC /* Other Frameworks */,
			);
			name = Frameworks;
			sourceTree = "<group>";
		};
		641D83CE196CB592001700EC /* Other Frameworks */ = {
			isa = PBXGroup;
			children = (
				641D83CF196CB592001700EC /* Foundation.framework */,
				641D83D0196CB592001700EC /* CoreData.framework */,
				641D83D1196CB592001700EC /* AppKit.framework */,
			);
			name = "Other Frameworks";
			sourceTree = "<group>";
		};
		641D83D2196CB592001700EC /* OpenCast */ = {
			isa = PBXGroup;
			children = (
				64BC9974196E0C3D003968FF /* cast_channel.pb.h */,
				64BC9975196E0C3D003968FF /* cast_channel.pb.m */,
				64BC9A631971A9DC003968FF /* OCConstants.h */,
				64BC9A641971A9DC003968FF /* OCConstants.m */,
				64BC9946196CCBBA003968FF /* OCDevice.h */,
				64BC9947196CCBBA003968FF /* OCDevice.m */,
				641D83F7196CB874001700EC /* OCDeviceScanner.h */,
				641D83F8196CB874001700EC /* OCDeviceScanner.m */,
				641D83D9196CB592001700EC /* OpenCast.h */,
				641D83DA196CB592001700EC /* OpenCast.m */,
				641D83D3196CB592001700EC /* Supporting Files */,
			);
			path = OpenCast;
			sourceTree = "<group>";
		};
		641D83D3196CB592001700EC /* Supporting Files */ = {
			isa = PBXGroup;
			children = (
				641D83D4196CB592001700EC /* OpenCast-Info.plist */,
				641D83D5196CB592001700EC /* InfoPlist.strings */,
				641D83D8196CB592001700EC /* OpenCast-Prefix.pch */,
			);
			name = "Supporting Files";
			sourceTree = "<group>";
		};
		641D83E7196CB592001700EC /* OpenCastTests */ = {
			isa = PBXGroup;
			children = (
				641D83ED196CB592001700EC /* OpenCastTests.m */,
				641D83E8196CB592001700EC /* Supporting Files */,
			);
			path = OpenCastTests;
			sourceTree = "<group>";
		};
		641D83E8196CB592001700EC /* Supporting Files */ = {
			isa = PBXGroup;
			children = (
				641D83E9196CB592001700EC /* OpenCastTests-Info.plist */,
				641D83EA196CB592001700EC /* InfoPlist.strings */,
			);
			name = "Supporting Files";
			sourceTree = "<group>";
		};
		64BC9971196E0C07003968FF /* Libraries */ = {
			isa = PBXGroup;
			children = (
				64BC997A196E27E2003968FF /* ProtobufRuntime */,
			);
			name = Libraries;
			sourceTree = "<group>";
		};
		64BC997A196E27E2003968FF /* ProtobufRuntime */ = {
			isa = PBXGroup;
			children = (
				64BC997B196E27E2003968FF /* Classes */,
				64BC99A1196E27E2003968FF /* golden_message */,
				64BC99A2196E27E2003968FF /* golden_packed_fields_message */,
				64BC99A3196E27E2003968FF /* ProtocolModels.xcodeproj */,
				64BC99A6196E27E3003968FF /* Target */,
			);
			name = ProtobufRuntime;
			path = Libraries/ProtobufRuntime;
			sourceTree = "<group>";
		};
		64BC997B196E27E2003968FF /* Classes */ = {
			isa = PBXGroup;
			children = (
				64BC997C196E27E2003968FF /* CodedInputStream.h */,
				64BC997D196E27E2003968FF /* CodedInputStream.m */,
				64BC997E196E27E2003968FF /* CodedOutputStream.h */,
				64BC997F196E27E2003968FF /* CodedOutputStream.m */,
				64BC9980196E27E2003968FF /* ExtendableMessage.h */,
				64BC9981196E27E2003968FF /* ExtendableMessage.m */,
				64BC9982196E27E2003968FF /* ExtendableMessage_Builder.h */,
				64BC9983196E27E2003968FF /* ExtendableMessage_Builder.m */,
				64BC9984196E27E2003968FF /* ExtensionField.h */,
				64BC9985196E27E2003968FF /* ExtensionField.m */,
				64BC9986196E27E2003968FF /* ExtensionRegistry.h */,
				64BC9987196E27E2003968FF /* ExtensionRegistry.m */,
				64BC9988196E27E2003968FF /* Field.h */,
				64BC9989196E27E2003968FF /* Field.m */,
				64BC998A196E27E2003968FF /* GeneratedMessage.h */,
				64BC998B196E27E2003968FF /* GeneratedMessage.m */,
				64BC998C196E27E2003968FF /* GeneratedMessage_Builder.h */,
				64BC998D196E27E2003968FF /* GeneratedMessage_Builder.m */,
				64BC998E196E27E2003968FF /* Message.h */,
				64BC998F196E27E2003968FF /* Message_Builder.h */,
				64BC9990196E27E2003968FF /* MutableExtensionRegistry.h */,
				64BC9991196E27E2003968FF /* MutableExtensionRegistry.m */,
				64BC9992196E27E2003968FF /* MutableField.h */,
				64BC9993196E27E2003968FF /* MutableField.m */,
				64BC9994196E27E2003968FF /* PBArray.h */,
				64BC9995196E27E2003968FF /* PBArray.m */,
				64BC9996196E27E2003968FF /* ProtocolModels.h */,
				64BC9997196E27E2003968FF /* RingBuffer.h */,
				64BC9998196E27E2003968FF /* RingBuffer.m */,
				64BC9999196E27E2003968FF /* UnknownFieldSet.h */,
				64BC999A196E27E2003968FF /* UnknownFieldSet.m */,
				64BC999B196E27E2003968FF /* UnknownFieldSet_Builder.h */,
				64BC999C196E27E2003968FF /* UnknownFieldSet_Builder.m */,
				64BC999D196E27E2003968FF /* Utilities.h */,
				64BC999E196E27E2003968FF /* Utilities.m */,
				64BC999F196E27E2003968FF /* WireFormat.h */,
				64BC99A0196E27E2003968FF /* WireFormat.m */,
			);
			path = Classes;
			sourceTree = "<group>";
		};
		64BC99A4196E27E2003968FF /* Products */ = {
			isa = PBXGroup;
			children = (
				64BC9A57196E27E3003968FF /* libProtocolModels.a */,
				64BC9A59196E27E3003968FF /* UnitTests.xctest */,
			);
			name = Products;
			sourceTree = "<group>";
		};
		64BC99A6196E27E3003968FF /* Target */ = {
			isa = PBXGroup;
			children = (
				64BC99A7196E27E3003968FF /* ProtocolModels_Prefix.pch */,
				64BC99A8196E27E3003968FF /* UnitTests-Info.plist */,
			);
			path = Target;
			sourceTree = "<group>";
		};
/* End PBXGroup section */

/* Begin PBXHeadersBuildPhase section */
		641D83C6196CB592001700EC /* Headers */ = {
			isa = PBXHeadersBuildPhase;
			buildActionMask = 2147483647;
			files = (
				64BC9A05196E27E3003968FF /* PBArray.h in Headers */,
				64BC9A14196E27E3003968FF /* ProtocolModels_Prefix.pch in Headers */,
				64BC99FB196E27E3003968FF /* GeneratedMessage.h in Headers */,
				64BC9976196E0C3D003968FF /* cast_channel.pb.h in Headers */,
				64BC9A00196E27E3003968FF /* Message_Builder.h in Headers */,
				64BC99FD196E27E3003968FF /* GeneratedMessage_Builder.h in Headers */,
				64BC9966196E0266003968FF /* OCDeviceManager.h in Headers */,
				64BC99F1196E27E3003968FF /* ExtendableMessage.h in Headers */,
				64BC9A0A196E27E3003968FF /* UnknownFieldSet.h in Headers */,
				64BC9948196CCBBA003968FF /* OCDevice.h in Headers */,
				64BC9A07196E27E3003968FF /* ProtocolModels.h in Headers */,
				64BC99ED196E27E3003968FF /* CodedInputStream.h in Headers */,
				64BC9A08196E27E3003968FF /* RingBuffer.h in Headers */,
				64BC99FF196E27E3003968FF /* Message.h in Headers */,
				64BC9A10196E27E3003968FF /* WireFormat.h in Headers */,
				64BC99F3196E27E3003968FF /* ExtendableMessage_Builder.h in Headers */,
				641D83F9196CB874001700EC /* OCDeviceScanner.h in Headers */,
				64BC99F5196E27E3003968FF /* ExtensionField.h in Headers */,
				64BC9A01196E27E3003968FF /* MutableExtensionRegistry.h in Headers */,
				64BC995C196CD585003968FF /* OpenCast.h in Headers */,
				64BC99F9196E27E3003968FF /* Field.h in Headers */,
				64BC99F7196E27E3003968FF /* ExtensionRegistry.h in Headers */,
				64BC9A03196E27E3003968FF /* MutableField.h in Headers */,
				64BC9A0E196E27E3003968FF /* Utilities.h in Headers */,
				64BC9A0C196E27E3003968FF /* UnknownFieldSet_Builder.h in Headers */,
				64BC99EF196E27E3003968FF /* CodedOutputStream.h in Headers */,
			);
			runOnlyForDeploymentPostprocessing = 0;
		};
/* End PBXHeadersBuildPhase section */

/* Begin PBXNativeTarget section */
		641D83C8196CB592001700EC /* OpenCast */ = {
			isa = PBXNativeTarget;
			buildConfigurationList = 641D83F1196CB592001700EC /* Build configuration list for PBXNativeTarget "OpenCast" */;
			buildPhases = (
				641D83C4196CB592001700EC /* Sources */,
				641D83C5196CB592001700EC /* Frameworks */,
				641D83C6196CB592001700EC /* Headers */,
				641D83C7196CB592001700EC /* Resources */,
			);
			buildRules = (
			);
			dependencies = (
			);
			name = OpenCast;
			productName = OpenCast;
			productReference = 641D83C9196CB592001700EC /* OpenCast.framework */;
			productType = "com.apple.product-type.framework";
		};
		641D83DF196CB592001700EC /* OpenCastTests */ = {
			isa = PBXNativeTarget;
			buildConfigurationList = 641D83F4196CB592001700EC /* Build configuration list for PBXNativeTarget "OpenCastTests" */;
			buildPhases = (
				641D83DC196CB592001700EC /* Sources */,
				641D83DD196CB592001700EC /* Frameworks */,
				641D83DE196CB592001700EC /* Resources */,
			);
			buildRules = (
			);
			dependencies = (
				641D83E5196CB592001700EC /* PBXTargetDependency */,
			);
			name = OpenCastTests;
			productName = OpenCastTests;
			productReference = 641D83E0196CB592001700EC /* OpenCastTests.xctest */;
			productType = "com.apple.product-type.bundle.unit-test";
		};
/* End PBXNativeTarget section */

/* Begin PBXProject section */
		641D83C0196CB592001700EC /* Project object */ = {
			isa = PBXProject;
			attributes = {
				LastUpgradeCheck = 0500;
				ORGANIZATIONNAME = "Adam Jensen";
				TargetAttributes = {
					641D83DF196CB592001700EC = {
						TestTargetID = 641D83C8196CB592001700EC;
					};
				};
			};
			buildConfigurationList = 641D83C3196CB592001700EC /* Build configuration list for PBXProject "OpenCast" */;
			compatibilityVersion = "Xcode 3.2";
			developmentRegion = English;
			hasScannedForEncodings = 0;
			knownRegions = (
				en,
			);
			mainGroup = 641D83BF196CB592001700EC;
			productRefGroup = 641D83CA196CB592001700EC /* Products */;
			projectDirPath = "";
			projectReferences = (
				{
					ProductGroup = 64BC99A4196E27E2003968FF /* Products */;
					ProjectRef = 64BC99A3196E27E2003968FF /* ProtocolModels.xcodeproj */;
				},
			);
			projectRoot = "";
			targets = (
				641D83C8196CB592001700EC /* OpenCast */,
				641D83DF196CB592001700EC /* OpenCastTests */,
			);
		};
/* End PBXProject section */

/* Begin PBXReferenceProxy section */
		64BC9A57196E27E3003968FF /* libProtocolModels.a */ = {
			isa = PBXReferenceProxy;
			fileType = archive.ar;
			path = libProtocolModels.a;
			remoteRef = 64BC9A56196E27E3003968FF /* PBXContainerItemProxy */;
			sourceTree = BUILT_PRODUCTS_DIR;
		};
		64BC9A59196E27E3003968FF /* UnitTests.xctest */ = {
			isa = PBXReferenceProxy;
			fileType = wrapper.cfbundle;
			path = UnitTests.xctest;
			remoteRef = 64BC9A58196E27E3003968FF /* PBXContainerItemProxy */;
			sourceTree = BUILT_PRODUCTS_DIR;
		};
/* End PBXReferenceProxy section */

/* Begin PBXResourcesBuildPhase section */
		641D83C7196CB592001700EC /* Resources */ = {
			isa = PBXResourcesBuildPhase;
			buildActionMask = 2147483647;
			files = (
				64BC9A13196E27E3003968FF /* golden_packed_fields_message in Resources */,
				641D83D7196CB592001700EC /* InfoPlist.strings in Resources */,
				64BC9A15196E27E3003968FF /* UnitTests-Info.plist in Resources */,
				64BC9A12196E27E3003968FF /* golden_message in Resources */,
			);
			runOnlyForDeploymentPostprocessing = 0;
		};
		641D83DE196CB592001700EC /* Resources */ = {
			isa = PBXResourcesBuildPhase;
			buildActionMask = 2147483647;
			files = (
				641D83EC196CB592001700EC /* InfoPlist.strings in Resources */,
			);
			runOnlyForDeploymentPostprocessing = 0;
		};
/* End PBXResourcesBuildPhase section */

/* Begin PBXSourcesBuildPhase section */
		641D83C4196CB592001700EC /* Sources */ = {
			isa = PBXSourcesBuildPhase;
			buildActionMask = 2147483647;
			files = (
				64BC99FC196E27E3003968FF /* GeneratedMessage.m in Sources */,
				64BC99F8196E27E3003968FF /* ExtensionRegistry.m in Sources */,
				64BC99F0196E27E3003968FF /* CodedOutputStream.m in Sources */,
				64BC9A06196E27E3003968FF /* PBArray.m in Sources */,
				64BC9A0B196E27E3003968FF /* UnknownFieldSet.m in Sources */,
				64BC9977196E0C3D003968FF /* cast_channel.pb.m in Sources */,
				64BC99F6196E27E3003968FF /* ExtensionField.m in Sources */,
				64BC9A02196E27E3003968FF /* MutableExtensionRegistry.m in Sources */,
				641D83FA196CB874001700EC /* OCDeviceScanner.m in Sources */,
				64BC9A04196E27E3003968FF /* MutableField.m in Sources */,
				64BC9A0D196E27E3003968FF /* UnknownFieldSet_Builder.m in Sources */,
				64BC9A11196E27E3003968FF /* WireFormat.m in Sources */,
				64BC9967196E0266003968FF /* OCDeviceManager.m in Sources */,
				64BC9A0F196E27E3003968FF /* Utilities.m in Sources */,
				64BC99FA196E27E3003968FF /* Field.m in Sources */,
				64BC9A09196E27E3003968FF /* RingBuffer.m in Sources */,
				641D83DB196CB592001700EC /* OpenCast.m in Sources */,
				64BC99F4196E27E3003968FF /* ExtendableMessage_Builder.m in Sources */,
				64BC99EE196E27E3003968FF /* CodedInputStream.m in Sources */,
				64BC9949196CCBBA003968FF /* OCDevice.m in Sources */,
				64BC99F2196E27E3003968FF /* ExtendableMessage.m in Sources */,
				64BC99FE196E27E3003968FF /* GeneratedMessage_Builder.m in Sources */,
			);
			runOnlyForDeploymentPostprocessing = 0;
		};
		641D83DC196CB592001700EC /* Sources */ = {
			isa = PBXSourcesBuildPhase;
			buildActionMask = 2147483647;
			files = (
				641D83EE196CB592001700EC /* OpenCastTests.m in Sources */,
			);
			runOnlyForDeploymentPostprocessing = 0;
		};
/* End PBXSourcesBuildPhase section */

/* Begin PBXTargetDependency section */
		641D83E5196CB592001700EC /* PBXTargetDependency */ = {
			isa = PBXTargetDependency;
			target = 641D83C8196CB592001700EC /* OpenCast */;
			targetProxy = 641D83E4196CB592001700EC /* PBXContainerItemProxy */;
		};
/* End PBXTargetDependency section */

/* Begin PBXVariantGroup section */
		641D83D5196CB592001700EC /* InfoPlist.strings */ = {
			isa = PBXVariantGroup;
			children = (
				641D83D6196CB592001700EC /* en */,
			);
			name = InfoPlist.strings;
			sourceTree = "<group>";
		};
		641D83EA196CB592001700EC /* InfoPlist.strings */ = {
			isa = PBXVariantGroup;
			children = (
				641D83EB196CB592001700EC /* en */,
			);
			name = InfoPlist.strings;
			sourceTree = "<group>";
		};
/* End PBXVariantGroup section */

/* Begin XCBuildConfiguration section */
		641D83EF196CB592001700EC /* Debug */ = {
			isa = XCBuildConfiguration;
			buildSettings = {
				ALWAYS_SEARCH_USER_PATHS = NO;
				CLANG_CXX_LANGUAGE_STANDARD = "gnu++0x";
				CLANG_CXX_LIBRARY = "libc++";
				CLANG_ENABLE_OBJC_ARC = YES;
				CLANG_WARN_BOOL_CONVERSION = YES;
				CLANG_WARN_CONSTANT_CONVERSION = YES;
				CLANG_WARN_DIRECT_OBJC_ISA_USAGE = YES_ERROR;
				CLANG_WARN_EMPTY_BODY = YES;
				CLANG_WARN_ENUM_CONVERSION = YES;
				CLANG_WARN_INT_CONVERSION = YES;
				CLANG_WARN_OBJC_ROOT_CLASS = YES_ERROR;
				CLANG_WARN__DUPLICATE_METHOD_MATCH = YES;
				COPY_PHASE_STRIP = NO;
				GCC_C_LANGUAGE_STANDARD = gnu99;
				GCC_DYNAMIC_NO_PIC = NO;
				GCC_ENABLE_OBJC_EXCEPTIONS = YES;
				GCC_OPTIMIZATION_LEVEL = 0;
				GCC_PREPROCESSOR_DEFINITIONS = (
					"DEBUG=1",
					"$(inherited)",
				);
				GCC_SYMBOLS_PRIVATE_EXTERN = NO;
				GCC_WARN_64_TO_32_BIT_CONVERSION = YES;
				GCC_WARN_ABOUT_RETURN_TYPE = YES_ERROR;
				GCC_WARN_UNDECLARED_SELECTOR = YES;
				GCC_WARN_UNINITIALIZED_AUTOS = YES;
				GCC_WARN_UNUSED_FUNCTION = YES;
				GCC_WARN_UNUSED_VARIABLE = YES;
				MACOSX_DEPLOYMENT_TARGET = 10.9;
				ONLY_ACTIVE_ARCH = YES;
				SDKROOT = macosx;
			};
			name = Debug;
		};
		641D83F0196CB592001700EC /* Release */ = {
			isa = XCBuildConfiguration;
			buildSettings = {
				ALWAYS_SEARCH_USER_PATHS = NO;
				CLANG_CXX_LANGUAGE_STANDARD = "gnu++0x";
				CLANG_CXX_LIBRARY = "libc++";
				CLANG_ENABLE_OBJC_ARC = YES;
				CLANG_WARN_BOOL_CONVERSION = YES;
				CLANG_WARN_CONSTANT_CONVERSION = YES;
				CLANG_WARN_DIRECT_OBJC_ISA_USAGE = YES_ERROR;
				CLANG_WARN_EMPTY_BODY = YES;
				CLANG_WARN_ENUM_CONVERSION = YES;
				CLANG_WARN_INT_CONVERSION = YES;
				CLANG_WARN_OBJC_ROOT_CLASS = YES_ERROR;
				CLANG_WARN__DUPLICATE_METHOD_MATCH = YES;
				COPY_PHASE_STRIP = YES;
				DEBUG_INFORMATION_FORMAT = "dwarf-with-dsym";
				ENABLE_NS_ASSERTIONS = NO;
				GCC_C_LANGUAGE_STANDARD = gnu99;
				GCC_ENABLE_OBJC_EXCEPTIONS = YES;
				GCC_WARN_64_TO_32_BIT_CONVERSION = YES;
				GCC_WARN_ABOUT_RETURN_TYPE = YES_ERROR;
				GCC_WARN_UNDECLARED_SELECTOR = YES;
				GCC_WARN_UNINITIALIZED_AUTOS = YES;
				GCC_WARN_UNUSED_FUNCTION = YES;
				GCC_WARN_UNUSED_VARIABLE = YES;
				MACOSX_DEPLOYMENT_TARGET = 10.9;
				SDKROOT = macosx;
			};
			name = Release;
		};
		641D83F2196CB592001700EC /* Debug */ = {
			isa = XCBuildConfiguration;
			buildSettings = {
				COMBINE_HIDPI_IMAGES = YES;
				DYLIB_COMPATIBILITY_VERSION = 1;
				DYLIB_CURRENT_VERSION = 1;
				FRAMEWORK_VERSION = A;
				GCC_PRECOMPILE_PREFIX_HEADER = YES;
				GCC_PREFIX_HEADER = "OpenCast/OpenCast-Prefix.pch";
				INFOPLIST_FILE = "OpenCast/OpenCast-Info.plist";
				INSTALL_PATH = "@executable_path/../Frameworks";
				PRODUCT_NAME = "$(TARGET_NAME)";
				WRAPPER_EXTENSION = framework;
			};
			name = Debug;
		};
		641D83F3196CB592001700EC /* Release */ = {
			isa = XCBuildConfiguration;
			buildSettings = {
				COMBINE_HIDPI_IMAGES = YES;
				DYLIB_COMPATIBILITY_VERSION = 1;
				DYLIB_CURRENT_VERSION = 1;
				FRAMEWORK_VERSION = A;
				GCC_PRECOMPILE_PREFIX_HEADER = YES;
				GCC_PREFIX_HEADER = "OpenCast/OpenCast-Prefix.pch";
				INFOPLIST_FILE = "OpenCast/OpenCast-Info.plist";
				INSTALL_PATH = "@executable_path/../Frameworks";
				PRODUCT_NAME = "$(TARGET_NAME)";
				WRAPPER_EXTENSION = framework;
			};
			name = Release;
		};
		641D83F5196CB592001700EC /* Debug */ = {
			isa = XCBuildConfiguration;
			buildSettings = {
				BUNDLE_LOADER = "$(BUILT_PRODUCTS_DIR)/OpenCast.framework/Versions/A/OpenCast";
				COMBINE_HIDPI_IMAGES = YES;
				FRAMEWORK_SEARCH_PATHS = (
					"$(DEVELOPER_FRAMEWORKS_DIR)",
					"$(inherited)",
				);
				GCC_PRECOMPILE_PREFIX_HEADER = YES;
				GCC_PREFIX_HEADER = "OpenCast/OpenCast-Prefix.pch";
				GCC_PREPROCESSOR_DEFINITIONS = (
					"DEBUG=1",
					"$(inherited)",
				);
				INFOPLIST_FILE = "OpenCastTests/OpenCastTests-Info.plist";
				PRODUCT_NAME = "$(TARGET_NAME)";
				TEST_HOST = "$(BUNDLE_LOADER)";
				WRAPPER_EXTENSION = xctest;
			};
			name = Debug;
		};
		641D83F6196CB592001700EC /* Release */ = {
			isa = XCBuildConfiguration;
			buildSettings = {
				BUNDLE_LOADER = "$(BUILT_PRODUCTS_DIR)/OpenCast.framework/Versions/A/OpenCast";
				COMBINE_HIDPI_IMAGES = YES;
				FRAMEWORK_SEARCH_PATHS = (
					"$(DEVELOPER_FRAMEWORKS_DIR)",
					"$(inherited)",
				);
				GCC_PRECOMPILE_PREFIX_HEADER = YES;
				GCC_PREFIX_HEADER = "OpenCast/OpenCast-Prefix.pch";
				INFOPLIST_FILE = "OpenCastTests/OpenCastTests-Info.plist";
				PRODUCT_NAME = "$(TARGET_NAME)";
				TEST_HOST = "$(BUNDLE_LOADER)";
				WRAPPER_EXTENSION = xctest;
			};
			name = Release;
		};
/* End XCBuildConfiguration section */

/* Begin XCConfigurationList section */
		641D83C3196CB592001700EC /* Build configuration list for PBXProject "OpenCast" */ = {
			isa = XCConfigurationList;
			buildConfigurations = (
				641D83EF196CB592001700EC /* Debug */,
				641D83F0196CB592001700EC /* Release */,
			);
			defaultConfigurationIsVisible = 0;
			defaultConfigurationName = Release;
		};
		641D83F1196CB592001700EC /* Build configuration list for PBXNativeTarget "OpenCast" */ = {
			isa = XCConfigurationList;
			buildConfigurations = (
				641D83F2196CB592001700EC /* Debug */,
				641D83F3196CB592001700EC /* Release */,
			);
			defaultConfigurationIsVisible = 0;
			defaultConfigurationName = Release;
		};
		641D83F4196CB592001700EC /* Build configuration list for PBXNativeTarget "OpenCastTests" */ = {
			isa = XCConfigurationList;
			buildConfigurations = (
				641D83F5196CB592001700EC /* Debug */,
				641D83F6196CB592001700EC /* Release */,
			);
			defaultConfigurationIsVisible = 0;
			defaultConfigurationName = Release;
		};
/* End XCConfigurationList section */
	};
	rootObject = 641D83C0196CB592001700EC /* Project object */;
}
