// !$*UTF8*$!
{
	archiveVersion = 1;
	classes = {
	};
	objectVersion = 46;
	objects = {

/* Begin PBXBuildFile section */
		641D83CD196CB592001700EC /* Cocoa.framework in Frameworks */ = {isa = PBXBuildFile; fileRef = 641D83CC196CB592001700EC /* Cocoa.framework */; };
		641D83D7196CB592001700EC /* InfoPlist.strings in Resources */ = {isa = PBXBuildFile; fileRef = 641D83D5196CB592001700EC /* InfoPlist.strings */; };
		641D83DB196CB592001700EC /* OpenCast.m in Sources */ = {isa = PBXBuildFile; fileRef = 641D83DA196CB592001700EC /* OpenCast.m */; };
		641D83E2196CB592001700EC /* XCTest.framework in Frameworks */ = {isa = PBXBuildFile; fileRef = 641D83E1196CB592001700EC /* XCTest.framework */; };
		641D83E3196CB592001700EC /* Cocoa.framework in Frameworks */ = {isa = PBXBuildFile; fileRef = 641D83CC196CB592001700EC /* Cocoa.framework */; };
		641D83E6196CB592001700EC /* OpenCast.framework in Frameworks */ = {isa = PBXBuildFile; fileRef = 641D83C9196CB592001700EC /* OpenCast.framework */; };
		641D83EC196CB592001700EC /* InfoPlist.strings in Resources */ = {isa = PBXBuildFile; fileRef = 641D83EA196CB592001700EC /* InfoPlist.strings */; };
		641D83EE196CB592001700EC /* OpenCastTests.m in Sources */ = {isa = PBXBuildFile; fileRef = 641D83ED196CB592001700EC /* OpenCastTests.m */; };
		641D83F9196CB874001700EC /* OCDeviceScanner.h in Headers */ = {isa = PBXBuildFile; fileRef = 641D83F7196CB874001700EC /* OCDeviceScanner.h */; settings = {ATTRIBUTES = (Public, ); }; };
		641D83FA196CB874001700EC /* OCDeviceScanner.m in Sources */ = {isa = PBXBuildFile; fileRef = 641D83F8196CB874001700EC /* OCDeviceScanner.m */; };
		646CF6381972207F00AFEC08 /* libz.dylib in Frameworks */ = {isa = PBXBuildFile; fileRef = 646CF6371972207F00AFEC08 /* libz.dylib */; };
		64728615197223DA00DE0A0A /* descriptor.cc in Sources */ = {isa = PBXBuildFile; fileRef = 64728566197223DA00DE0A0A /* descriptor.cc */; };
		64728616197223DA00DE0A0A /* descriptor.h in Headers */ = {isa = PBXBuildFile; fileRef = 64728567197223DA00DE0A0A /* descriptor.h */; };
		64728617197223DA00DE0A0A /* descriptor.pb.cc in Sources */ = {isa = PBXBuildFile; fileRef = 64728568197223DA00DE0A0A /* descriptor.pb.cc */; };
		64728618197223DA00DE0A0A /* descriptor.pb.h in Headers */ = {isa = PBXBuildFile; fileRef = 64728569197223DA00DE0A0A /* descriptor.pb.h */; };
		64728619197223DA00DE0A0A /* descriptor.proto in Resources */ = {isa = PBXBuildFile; fileRef = 6472856A197223DA00DE0A0A /* descriptor.proto */; };
		6472861A197223DA00DE0A0A /* descriptor_database.cc in Sources */ = {isa = PBXBuildFile; fileRef = 6472856B197223DA00DE0A0A /* descriptor_database.cc */; };
		6472861B197223DA00DE0A0A /* descriptor_database.h in Headers */ = {isa = PBXBuildFile; fileRef = 6472856C197223DA00DE0A0A /* descriptor_database.h */; };
		6472861C197223DA00DE0A0A /* dynamic_message.cc in Sources */ = {isa = PBXBuildFile; fileRef = 6472856D197223DA00DE0A0A /* dynamic_message.cc */; };
		6472861D197223DA00DE0A0A /* dynamic_message.h in Headers */ = {isa = PBXBuildFile; fileRef = 6472856E197223DA00DE0A0A /* dynamic_message.h */; };
		6472861E197223DA00DE0A0A /* extension_set.cc in Sources */ = {isa = PBXBuildFile; fileRef = 6472856F197223DA00DE0A0A /* extension_set.cc */; };
		6472861F197223DA00DE0A0A /* extension_set.h in Headers */ = {isa = PBXBuildFile; fileRef = 64728570197223DA00DE0A0A /* extension_set.h */; };
		64728620197223DA00DE0A0A /* extension_set_heavy.cc in Sources */ = {isa = PBXBuildFile; fileRef = 64728571197223DA00DE0A0A /* extension_set_heavy.cc */; };
		64728621197223DA00DE0A0A /* generated_enum_reflection.h in Headers */ = {isa = PBXBuildFile; fileRef = 64728572197223DA00DE0A0A /* generated_enum_reflection.h */; };
		64728622197223DA00DE0A0A /* generated_message_reflection.cc in Sources */ = {isa = PBXBuildFile; fileRef = 64728573197223DA00DE0A0A /* generated_message_reflection.cc */; };
		64728623197223DA00DE0A0A /* generated_message_reflection.h in Headers */ = {isa = PBXBuildFile; fileRef = 64728574197223DA00DE0A0A /* generated_message_reflection.h */; };
		64728624197223DA00DE0A0A /* generated_message_util.cc in Sources */ = {isa = PBXBuildFile; fileRef = 64728575197223DA00DE0A0A /* generated_message_util.cc */; };
		64728625197223DA00DE0A0A /* generated_message_util.h in Headers */ = {isa = PBXBuildFile; fileRef = 64728576197223DA00DE0A0A /* generated_message_util.h */; };
		64728626197223DA00DE0A0A /* coded_stream.cc in Sources */ = {isa = PBXBuildFile; fileRef = 64728578197223DA00DE0A0A /* coded_stream.cc */; };
		64728627197223DA00DE0A0A /* coded_stream.h in Headers */ = {isa = PBXBuildFile; fileRef = 64728579197223DA00DE0A0A /* coded_stream.h */; };
		64728628197223DA00DE0A0A /* coded_stream_inl.h in Headers */ = {isa = PBXBuildFile; fileRef = 6472857A197223DA00DE0A0A /* coded_stream_inl.h */; };
		64728629197223DA00DE0A0A /* gzip_stream.cc in Sources */ = {isa = PBXBuildFile; fileRef = 6472857B197223DA00DE0A0A /* gzip_stream.cc */; };
		6472862A197223DA00DE0A0A /* gzip_stream.h in Headers */ = {isa = PBXBuildFile; fileRef = 6472857C197223DA00DE0A0A /* gzip_stream.h */; };
		6472862B197223DA00DE0A0A /* package_info.h in Headers */ = {isa = PBXBuildFile; fileRef = 6472857D197223DA00DE0A0A /* package_info.h */; };
		6472862C197223DA00DE0A0A /* printer.cc in Sources */ = {isa = PBXBuildFile; fileRef = 6472857E197223DA00DE0A0A /* printer.cc */; };
		6472862D197223DA00DE0A0A /* printer.h in Headers */ = {isa = PBXBuildFile; fileRef = 6472857F197223DA00DE0A0A /* printer.h */; };
		6472862E197223DA00DE0A0A /* tokenizer.cc in Sources */ = {isa = PBXBuildFile; fileRef = 64728580197223DA00DE0A0A /* tokenizer.cc */; };
		6472862F197223DA00DE0A0A /* tokenizer.h in Headers */ = {isa = PBXBuildFile; fileRef = 64728581197223DA00DE0A0A /* tokenizer.h */; };
		64728630197223DA00DE0A0A /* zero_copy_stream.cc in Sources */ = {isa = PBXBuildFile; fileRef = 64728582197223DA00DE0A0A /* zero_copy_stream.cc */; };
		64728631197223DA00DE0A0A /* zero_copy_stream.h in Headers */ = {isa = PBXBuildFile; fileRef = 64728583197223DA00DE0A0A /* zero_copy_stream.h */; };
		64728632197223DA00DE0A0A /* zero_copy_stream_impl.cc in Sources */ = {isa = PBXBuildFile; fileRef = 64728584197223DA00DE0A0A /* zero_copy_stream_impl.cc */; };
		64728633197223DA00DE0A0A /* zero_copy_stream_impl.h in Headers */ = {isa = PBXBuildFile; fileRef = 64728585197223DA00DE0A0A /* zero_copy_stream_impl.h */; };
		64728634197223DA00DE0A0A /* zero_copy_stream_impl_lite.cc in Sources */ = {isa = PBXBuildFile; fileRef = 64728586197223DA00DE0A0A /* zero_copy_stream_impl_lite.cc */; };
		64728635197223DA00DE0A0A /* zero_copy_stream_impl_lite.h in Headers */ = {isa = PBXBuildFile; fileRef = 64728587197223DA00DE0A0A /* zero_copy_stream_impl_lite.h */; };
		64728636197223DA00DE0A0A /* message.cc in Sources */ = {isa = PBXBuildFile; fileRef = 64728588197223DA00DE0A0A /* message.cc */; };
		64728637197223DA00DE0A0A /* message.h in Headers */ = {isa = PBXBuildFile; fileRef = 64728589197223DA00DE0A0A /* message.h */; };
		64728638197223DA00DE0A0A /* message_lite.cc in Sources */ = {isa = PBXBuildFile; fileRef = 6472858A197223DA00DE0A0A /* message_lite.cc */; };
		64728639197223DA00DE0A0A /* message_lite.h in Headers */ = {isa = PBXBuildFile; fileRef = 6472858B197223DA00DE0A0A /* message_lite.h */; };
		6472863A197223DA00DE0A0A /* package_info.h in Headers */ = {isa = PBXBuildFile; fileRef = 6472858C197223DA00DE0A0A /* package_info.h */; };
		6472863B197223DA00DE0A0A /* reflection_ops.cc in Sources */ = {isa = PBXBuildFile; fileRef = 6472858D197223DA00DE0A0A /* reflection_ops.cc */; };
		6472863C197223DA00DE0A0A /* reflection_ops.h in Headers */ = {isa = PBXBuildFile; fileRef = 6472858E197223DA00DE0A0A /* reflection_ops.h */; };
		6472863D197223DA00DE0A0A /* repeated_field.cc in Sources */ = {isa = PBXBuildFile; fileRef = 6472858F197223DA00DE0A0A /* repeated_field.cc */; };
		6472863E197223DA00DE0A0A /* repeated_field.h in Headers */ = {isa = PBXBuildFile; fileRef = 64728590197223DA00DE0A0A /* repeated_field.h */; };
		6472863F197223DA00DE0A0A /* service.cc in Sources */ = {isa = PBXBuildFile; fileRef = 64728591197223DA00DE0A0A /* service.cc */; };
		64728640197223DA00DE0A0A /* service.h in Headers */ = {isa = PBXBuildFile; fileRef = 64728592197223DA00DE0A0A /* service.h */; };
		64728641197223DA00DE0A0A /* atomicops.h in Headers */ = {isa = PBXBuildFile; fileRef = 64728594197223DA00DE0A0A /* atomicops.h */; };
		64728642197223DA00DE0A0A /* atomicops_internals_arm_gcc.h in Headers */ = {isa = PBXBuildFile; fileRef = 64728595197223DA00DE0A0A /* atomicops_internals_arm_gcc.h */; };
		64728643197223DA00DE0A0A /* atomicops_internals_arm_qnx.h in Headers */ = {isa = PBXBuildFile; fileRef = 64728596197223DA00DE0A0A /* atomicops_internals_arm_qnx.h */; };
		64728644197223DA00DE0A0A /* atomicops_internals_atomicword_compat.h in Headers */ = {isa = PBXBuildFile; fileRef = 64728597197223DA00DE0A0A /* atomicops_internals_atomicword_compat.h */; };
		64728645197223DA00DE0A0A /* atomicops_internals_macosx.h in Headers */ = {isa = PBXBuildFile; fileRef = 64728598197223DA00DE0A0A /* atomicops_internals_macosx.h */; };
		64728646197223DA00DE0A0A /* atomicops_internals_mips_gcc.h in Headers */ = {isa = PBXBuildFile; fileRef = 64728599197223DA00DE0A0A /* atomicops_internals_mips_gcc.h */; };
		64728647197223DA00DE0A0A /* atomicops_internals_pnacl.h in Headers */ = {isa = PBXBuildFile; fileRef = 6472859A197223DA00DE0A0A /* atomicops_internals_pnacl.h */; };
		64728648197223DA00DE0A0A /* atomicops_internals_x86_gcc.cc in Sources */ = {isa = PBXBuildFile; fileRef = 6472859B197223DA00DE0A0A /* atomicops_internals_x86_gcc.cc */; };
		64728649197223DA00DE0A0A /* atomicops_internals_x86_gcc.h in Headers */ = {isa = PBXBuildFile; fileRef = 6472859C197223DA00DE0A0A /* atomicops_internals_x86_gcc.h */; };
		6472864A197223DA00DE0A0A /* atomicops_internals_x86_msvc.cc in Sources */ = {isa = PBXBuildFile; fileRef = 6472859D197223DA00DE0A0A /* atomicops_internals_x86_msvc.cc */; };
		6472864B197223DA00DE0A0A /* atomicops_internals_x86_msvc.h in Headers */ = {isa = PBXBuildFile; fileRef = 6472859E197223DA00DE0A0A /* atomicops_internals_x86_msvc.h */; };
		6472864C197223DA00DE0A0A /* common.cc in Sources */ = {isa = PBXBuildFile; fileRef = 6472859F197223DA00DE0A0A /* common.cc */; };
		6472864D197223DA00DE0A0A /* common.h in Headers */ = {isa = PBXBuildFile; fileRef = 647285A0197223DA00DE0A0A /* common.h */; };
		6472864E197223DA00DE0A0A /* hash.h in Headers */ = {isa = PBXBuildFile; fileRef = 647285A1197223DA00DE0A0A /* hash.h */; };
		6472864F197223DA00DE0A0A /* map-util.h in Headers */ = {isa = PBXBuildFile; fileRef = 647285A2197223DA00DE0A0A /* map-util.h */; };
		64728650197223DA00DE0A0A /* once.cc in Sources */ = {isa = PBXBuildFile; fileRef = 647285A3197223DA00DE0A0A /* once.cc */; };
		64728651197223DA00DE0A0A /* once.h in Headers */ = {isa = PBXBuildFile; fileRef = 647285A4197223DA00DE0A0A /* once.h */; };
		64728652197223DA00DE0A0A /* platform_macros.h in Headers */ = {isa = PBXBuildFile; fileRef = 647285A5197223DA00DE0A0A /* platform_macros.h */; };
		64728653197223DA00DE0A0A /* stl_util.h in Headers */ = {isa = PBXBuildFile; fileRef = 647285A6197223DA00DE0A0A /* stl_util.h */; };
		64728654197223DA00DE0A0A /* stringprintf.cc in Sources */ = {isa = PBXBuildFile; fileRef = 647285A7197223DA00DE0A0A /* stringprintf.cc */; };
		64728655197223DA00DE0A0A /* stringprintf.h in Headers */ = {isa = PBXBuildFile; fileRef = 647285A8197223DA00DE0A0A /* stringprintf.h */; };
		64728656197223DA00DE0A0A /* structurally_valid.cc in Sources */ = {isa = PBXBuildFile; fileRef = 647285A9197223DA00DE0A0A /* structurally_valid.cc */; };
		64728657197223DA00DE0A0A /* strutil.cc in Sources */ = {isa = PBXBuildFile; fileRef = 647285AA197223DA00DE0A0A /* strutil.cc */; };
		64728658197223DA00DE0A0A /* strutil.h in Headers */ = {isa = PBXBuildFile; fileRef = 647285AB197223DA00DE0A0A /* strutil.h */; };
		64728659197223DA00DE0A0A /* substitute.cc in Sources */ = {isa = PBXBuildFile; fileRef = 647285AC197223DA00DE0A0A /* substitute.cc */; };
		6472865A197223DA00DE0A0A /* substitute.h in Headers */ = {isa = PBXBuildFile; fileRef = 647285AD197223DA00DE0A0A /* substitute.h */; };
		6472865B197223DA00DE0A0A /* template_util.h in Headers */ = {isa = PBXBuildFile; fileRef = 647285AE197223DA00DE0A0A /* template_util.h */; };
		6472865C197223DA00DE0A0A /* type_traits.h in Headers */ = {isa = PBXBuildFile; fileRef = 647285AF197223DA00DE0A0A /* type_traits.h */; };
		64728669197223DA00DE0A0A /* text_format.cc in Sources */ = {isa = PBXBuildFile; fileRef = 647285BE197223DA00DE0A0A /* text_format.cc */; };
		6472866A197223DA00DE0A0A /* text_format.h in Headers */ = {isa = PBXBuildFile; fileRef = 647285BF197223DA00DE0A0A /* text_format.h */; };
		6472866B197223DA00DE0A0A /* unknown_field_set.cc in Sources */ = {isa = PBXBuildFile; fileRef = 647285C0197223DA00DE0A0A /* unknown_field_set.cc */; };
		6472866C197223DA00DE0A0A /* unknown_field_set.h in Headers */ = {isa = PBXBuildFile; fileRef = 647285C1197223DA00DE0A0A /* unknown_field_set.h */; };
		6472866D197223DA00DE0A0A /* wire_format.cc in Sources */ = {isa = PBXBuildFile; fileRef = 647285C2197223DA00DE0A0A /* wire_format.cc */; };
		6472866E197223DA00DE0A0A /* wire_format.h in Headers */ = {isa = PBXBuildFile; fileRef = 647285C3197223DA00DE0A0A /* wire_format.h */; };
		6472866F197223DA00DE0A0A /* wire_format_lite.cc in Sources */ = {isa = PBXBuildFile; fileRef = 647285C4197223DA00DE0A0A /* wire_format_lite.cc */; };
		64728670197223DA00DE0A0A /* wire_format_lite.h in Headers */ = {isa = PBXBuildFile; fileRef = 647285C5197223DA00DE0A0A /* wire_format_lite.h */; };
		64728671197223DA00DE0A0A /* wire_format_lite_inl.h in Headers */ = {isa = PBXBuildFile; fileRef = 647285C6197223DA00DE0A0A /* wire_format_lite_inl.h */; };
		647286731972243A00DE0A0A /* config.h in Headers */ = {isa = PBXBuildFile; fileRef = 647286721972243A00DE0A0A /* config.h */; };
		647286761972249900DE0A0A /* cast_channel.pb.h in Headers */ = {isa = PBXBuildFile; fileRef = 647286741972249900DE0A0A /* cast_channel.pb.h */; };
		64728679197224C700DE0A0A /* cast_channel.pb.cc in Sources */ = {isa = PBXBuildFile; fileRef = 64728678197224C700DE0A0A /* cast_channel.pb.cc */; };
		6472867D1974AC1800DE0A0A /* OCHeartbeatChannel.h in Headers */ = {isa = PBXBuildFile; fileRef = 6472867B1974AC1800DE0A0A /* OCHeartbeatChannel.h */; settings = {ATTRIBUTES = (Public, ); }; };
		6472867E1974AC1800DE0A0A /* OCHeartbeatChannel.m in Sources */ = {isa = PBXBuildFile; fileRef = 6472867C1974AC1800DE0A0A /* OCHeartbeatChannel.m */; };
		647286981974C3FC00DE0A0A /* OCReceiverControlChannel.h in Headers */ = {isa = PBXBuildFile; fileRef = 647286961974C3FC00DE0A0A /* OCReceiverControlChannel.h */; settings = {ATTRIBUTES = (Public, ); }; };
		647286991974C3FC00DE0A0A /* OCReceiverControlChannel.m in Sources */ = {isa = PBXBuildFile; fileRef = 647286971974C3FC00DE0A0A /* OCReceiverControlChannel.m */; };
		647287911975FB0B00DE0A0A /* JSONKit.h in Headers */ = {isa = PBXBuildFile; fileRef = 6472878F1975FB0B00DE0A0A /* JSONKit.h */; };
		647287921975FB0B00DE0A0A /* JSONKit.m in Sources */ = {isa = PBXBuildFile; fileRef = 647287901975FB0B00DE0A0A /* JSONKit.m */; settings = {COMPILER_FLAGS = "-fno-objc-arc"; }; };
		6472879519760BD200DE0A0A /* OCMediaControlChannel.h in Headers */ = {isa = PBXBuildFile; fileRef = 6472879319760BD200DE0A0A /* OCMediaControlChannel.h */; };
		6472879619760BD200DE0A0A /* OCMediaControlChannel.m in Sources */ = {isa = PBXBuildFile; fileRef = 6472879419760BD200DE0A0A /* OCMediaControlChannel.m */; };
		6472879919760F6C00DE0A0A /* OCMediaInformation.h in Headers */ = {isa = PBXBuildFile; fileRef = 6472879719760F6C00DE0A0A /* OCMediaInformation.h */; settings = {ATTRIBUTES = (Public, ); }; };
		6472879A19760F6C00DE0A0A /* OCMediaInformation.m in Sources */ = {isa = PBXBuildFile; fileRef = 6472879819760F6C00DE0A0A /* OCMediaInformation.m */; };
		6472879C197615FF00DE0A0A /* OCMediaMetadata.h in Headers */ = {isa = PBXBuildFile; fileRef = 6472879B197615FF00DE0A0A /* OCMediaMetadata.h */; };
		6472879E1976164800DE0A0A /* OCMediaMetadata.m in Sources */ = {isa = PBXBuildFile; fileRef = 6472879D1976164800DE0A0A /* OCMediaMetadata.m */; };
		64BC9948196CCBBA003968FF /* OCDevice.h in Headers */ = {isa = PBXBuildFile; fileRef = 64BC9946196CCBBA003968FF /* OCDevice.h */; settings = {ATTRIBUTES = (Public, ); }; };
		64BC9949196CCBBA003968FF /* OCDevice.m in Sources */ = {isa = PBXBuildFile; fileRef = 64BC9947196CCBBA003968FF /* OCDevice.m */; };
		64BC995C196CD585003968FF /* OpenCast.h in Headers */ = {isa = PBXBuildFile; fileRef = 641D83D9196CB592001700EC /* OpenCast.h */; settings = {ATTRIBUTES = (Public, ); }; };
		64BC9966196E0266003968FF /* OCDeviceManager.h in Headers */ = {isa = PBXBuildFile; fileRef = 64BC9964196E0266003968FF /* OCDeviceManager.h */; settings = {ATTRIBUTES = (Public, ); }; };
		64BC9967196E0266003968FF /* OCDeviceManager.mm in Sources */ = {isa = PBXBuildFile; fileRef = 64BC9965196E0266003968FF /* OCDeviceManager.mm */; };
		64BC9A5D1970D7AF003968FF /* OCCastChannel.h in Headers */ = {isa = PBXBuildFile; fileRef = 64BC9A5B1970D7AF003968FF /* OCCastChannel.h */; settings = {ATTRIBUTES = (Public, ); }; };
		64BC9A5E1970D7AF003968FF /* OCCastChannel.m in Sources */ = {isa = PBXBuildFile; fileRef = 64BC9A5C1970D7AF003968FF /* OCCastChannel.m */; };
		64BC9A651971A9DC003968FF /* OCConstants.h in Headers */ = {isa = PBXBuildFile; fileRef = 64BC9A631971A9DC003968FF /* OCConstants.h */; settings = {ATTRIBUTES = (Public, ); }; };
		64BC9A661971A9DC003968FF /* OCConstants.m in Sources */ = {isa = PBXBuildFile; fileRef = 64BC9A641971A9DC003968FF /* OCConstants.m */; };
/* End PBXBuildFile section */

/* Begin PBXContainerItemProxy section */
		641D83E4196CB592001700EC /* PBXContainerItemProxy */ = {
			isa = PBXContainerItemProxy;
			containerPortal = 641D83C0196CB592001700EC /* Project object */;
			proxyType = 1;
			remoteGlobalIDString = 641D83C8196CB592001700EC;
			remoteInfo = OpenCast;
		};
/* End PBXContainerItemProxy section */

/* Begin PBXFileReference section */
		641D83C9196CB592001700EC /* OpenCast.framework */ = {isa = PBXFileReference; explicitFileType = wrapper.framework; includeInIndex = 0; path = OpenCast.framework; sourceTree = BUILT_PRODUCTS_DIR; };
		641D83CC196CB592001700EC /* Cocoa.framework */ = {isa = PBXFileReference; lastKnownFileType = wrapper.framework; name = Cocoa.framework; path = System/Library/Frameworks/Cocoa.framework; sourceTree = SDKROOT; };
		641D83CF196CB592001700EC /* Foundation.framework */ = {isa = PBXFileReference; lastKnownFileType = wrapper.framework; name = Foundation.framework; path = System/Library/Frameworks/Foundation.framework; sourceTree = SDKROOT; };
		641D83D0196CB592001700EC /* CoreData.framework */ = {isa = PBXFileReference; lastKnownFileType = wrapper.framework; name = CoreData.framework; path = System/Library/Frameworks/CoreData.framework; sourceTree = SDKROOT; };
		641D83D1196CB592001700EC /* AppKit.framework */ = {isa = PBXFileReference; lastKnownFileType = wrapper.framework; name = AppKit.framework; path = System/Library/Frameworks/AppKit.framework; sourceTree = SDKROOT; };
		641D83D4196CB592001700EC /* OpenCast-Info.plist */ = {isa = PBXFileReference; lastKnownFileType = text.plist.xml; path = "OpenCast-Info.plist"; sourceTree = "<group>"; };
		641D83D6196CB592001700EC /* en */ = {isa = PBXFileReference; lastKnownFileType = text.plist.strings; name = en; path = en.lproj/InfoPlist.strings; sourceTree = "<group>"; };
		641D83D8196CB592001700EC /* OpenCast-Prefix.pch */ = {isa = PBXFileReference; lastKnownFileType = sourcecode.c.h; path = "OpenCast-Prefix.pch"; sourceTree = "<group>"; };
		641D83D9196CB592001700EC /* OpenCast.h */ = {isa = PBXFileReference; lastKnownFileType = sourcecode.c.h; path = OpenCast.h; sourceTree = "<group>"; };
		641D83DA196CB592001700EC /* OpenCast.m */ = {isa = PBXFileReference; lastKnownFileType = sourcecode.c.objc; path = OpenCast.m; sourceTree = "<group>"; };
		641D83E0196CB592001700EC /* OpenCastTests.xctest */ = {isa = PBXFileReference; explicitFileType = wrapper.cfbundle; includeInIndex = 0; path = OpenCastTests.xctest; sourceTree = BUILT_PRODUCTS_DIR; };
		641D83E1196CB592001700EC /* XCTest.framework */ = {isa = PBXFileReference; lastKnownFileType = wrapper.framework; name = XCTest.framework; path = Library/Frameworks/XCTest.framework; sourceTree = DEVELOPER_DIR; };
		641D83E9196CB592001700EC /* OpenCastTests-Info.plist */ = {isa = PBXFileReference; lastKnownFileType = text.plist.xml; path = "OpenCastTests-Info.plist"; sourceTree = "<group>"; };
		641D83EB196CB592001700EC /* en */ = {isa = PBXFileReference; lastKnownFileType = text.plist.strings; name = en; path = en.lproj/InfoPlist.strings; sourceTree = "<group>"; };
		641D83ED196CB592001700EC /* OpenCastTests.m */ = {isa = PBXFileReference; lastKnownFileType = sourcecode.c.objc; path = OpenCastTests.m; sourceTree = "<group>"; };
		641D83F7196CB874001700EC /* OCDeviceScanner.h */ = {isa = PBXFileReference; fileEncoding = 4; lastKnownFileType = sourcecode.c.h; path = OCDeviceScanner.h; sourceTree = "<group>"; };
		641D83F8196CB874001700EC /* OCDeviceScanner.m */ = {isa = PBXFileReference; fileEncoding = 4; lastKnownFileType = sourcecode.c.objc; path = OCDeviceScanner.m; sourceTree = "<group>"; };
		646CF6371972207F00AFEC08 /* libz.dylib */ = {isa = PBXFileReference; lastKnownFileType = "compiled.mach-o.dylib"; name = libz.dylib; path = usr/lib/libz.dylib; sourceTree = SDKROOT; };
		64728566197223DA00DE0A0A /* descriptor.cc */ = {isa = PBXFileReference; fileEncoding = 4; lastKnownFileType = sourcecode.cpp.cpp; path = descriptor.cc; sourceTree = "<group>"; };
		64728567197223DA00DE0A0A /* descriptor.h */ = {isa = PBXFileReference; fileEncoding = 4; lastKnownFileType = sourcecode.c.h; path = descriptor.h; sourceTree = "<group>"; };
		64728568197223DA00DE0A0A /* descriptor.pb.cc */ = {isa = PBXFileReference; fileEncoding = 4; lastKnownFileType = sourcecode.cpp.cpp; path = descriptor.pb.cc; sourceTree = "<group>"; };
		64728569197223DA00DE0A0A /* descriptor.pb.h */ = {isa = PBXFileReference; fileEncoding = 4; lastKnownFileType = sourcecode.c.h; path = descriptor.pb.h; sourceTree = "<group>"; };
		6472856A197223DA00DE0A0A /* descriptor.proto */ = {isa = PBXFileReference; fileEncoding = 4; lastKnownFileType = text; path = descriptor.proto; sourceTree = "<group>"; };
		6472856B197223DA00DE0A0A /* descriptor_database.cc */ = {isa = PBXFileReference; fileEncoding = 4; lastKnownFileType = sourcecode.cpp.cpp; path = descriptor_database.cc; sourceTree = "<group>"; };
		6472856C197223DA00DE0A0A /* descriptor_database.h */ = {isa = PBXFileReference; fileEncoding = 4; lastKnownFileType = sourcecode.c.h; path = descriptor_database.h; sourceTree = "<group>"; };
		6472856D197223DA00DE0A0A /* dynamic_message.cc */ = {isa = PBXFileReference; fileEncoding = 4; lastKnownFileType = sourcecode.cpp.cpp; path = dynamic_message.cc; sourceTree = "<group>"; };
		6472856E197223DA00DE0A0A /* dynamic_message.h */ = {isa = PBXFileReference; fileEncoding = 4; lastKnownFileType = sourcecode.c.h; path = dynamic_message.h; sourceTree = "<group>"; };
		6472856F197223DA00DE0A0A /* extension_set.cc */ = {isa = PBXFileReference; fileEncoding = 4; lastKnownFileType = sourcecode.cpp.cpp; path = extension_set.cc; sourceTree = "<group>"; };
		64728570197223DA00DE0A0A /* extension_set.h */ = {isa = PBXFileReference; fileEncoding = 4; lastKnownFileType = sourcecode.c.h; path = extension_set.h; sourceTree = "<group>"; };
		64728571197223DA00DE0A0A /* extension_set_heavy.cc */ = {isa = PBXFileReference; fileEncoding = 4; lastKnownFileType = sourcecode.cpp.cpp; path = extension_set_heavy.cc; sourceTree = "<group>"; };
		64728572197223DA00DE0A0A /* generated_enum_reflection.h */ = {isa = PBXFileReference; fileEncoding = 4; lastKnownFileType = sourcecode.c.h; path = generated_enum_reflection.h; sourceTree = "<group>"; };
		64728573197223DA00DE0A0A /* generated_message_reflection.cc */ = {isa = PBXFileReference; fileEncoding = 4; lastKnownFileType = sourcecode.cpp.cpp; path = generated_message_reflection.cc; sourceTree = "<group>"; };
		64728574197223DA00DE0A0A /* generated_message_reflection.h */ = {isa = PBXFileReference; fileEncoding = 4; lastKnownFileType = sourcecode.c.h; path = generated_message_reflection.h; sourceTree = "<group>"; };
		64728575197223DA00DE0A0A /* generated_message_util.cc */ = {isa = PBXFileReference; fileEncoding = 4; lastKnownFileType = sourcecode.cpp.cpp; path = generated_message_util.cc; sourceTree = "<group>"; };
		64728576197223DA00DE0A0A /* generated_message_util.h */ = {isa = PBXFileReference; fileEncoding = 4; lastKnownFileType = sourcecode.c.h; path = generated_message_util.h; sourceTree = "<group>"; };
		64728578197223DA00DE0A0A /* coded_stream.cc */ = {isa = PBXFileReference; fileEncoding = 4; lastKnownFileType = sourcecode.cpp.cpp; path = coded_stream.cc; sourceTree = "<group>"; };
		64728579197223DA00DE0A0A /* coded_stream.h */ = {isa = PBXFileReference; fileEncoding = 4; lastKnownFileType = sourcecode.c.h; path = coded_stream.h; sourceTree = "<group>"; };
		6472857A197223DA00DE0A0A /* coded_stream_inl.h */ = {isa = PBXFileReference; fileEncoding = 4; lastKnownFileType = sourcecode.c.h; path = coded_stream_inl.h; sourceTree = "<group>"; };
		6472857B197223DA00DE0A0A /* gzip_stream.cc */ = {isa = PBXFileReference; fileEncoding = 4; lastKnownFileType = sourcecode.cpp.cpp; path = gzip_stream.cc; sourceTree = "<group>"; };
		6472857C197223DA00DE0A0A /* gzip_stream.h */ = {isa = PBXFileReference; fileEncoding = 4; lastKnownFileType = sourcecode.c.h; path = gzip_stream.h; sourceTree = "<group>"; };
		6472857D197223DA00DE0A0A /* package_info.h */ = {isa = PBXFileReference; fileEncoding = 4; lastKnownFileType = sourcecode.c.h; path = package_info.h; sourceTree = "<group>"; };
		6472857E197223DA00DE0A0A /* printer.cc */ = {isa = PBXFileReference; fileEncoding = 4; lastKnownFileType = sourcecode.cpp.cpp; path = printer.cc; sourceTree = "<group>"; };
		6472857F197223DA00DE0A0A /* printer.h */ = {isa = PBXFileReference; fileEncoding = 4; lastKnownFileType = sourcecode.c.h; path = printer.h; sourceTree = "<group>"; };
		64728580197223DA00DE0A0A /* tokenizer.cc */ = {isa = PBXFileReference; fileEncoding = 4; lastKnownFileType = sourcecode.cpp.cpp; path = tokenizer.cc; sourceTree = "<group>"; };
		64728581197223DA00DE0A0A /* tokenizer.h */ = {isa = PBXFileReference; fileEncoding = 4; lastKnownFileType = sourcecode.c.h; path = tokenizer.h; sourceTree = "<group>"; };
		64728582197223DA00DE0A0A /* zero_copy_stream.cc */ = {isa = PBXFileReference; fileEncoding = 4; lastKnownFileType = sourcecode.cpp.cpp; path = zero_copy_stream.cc; sourceTree = "<group>"; };
		64728583197223DA00DE0A0A /* zero_copy_stream.h */ = {isa = PBXFileReference; fileEncoding = 4; lastKnownFileType = sourcecode.c.h; path = zero_copy_stream.h; sourceTree = "<group>"; };
		64728584197223DA00DE0A0A /* zero_copy_stream_impl.cc */ = {isa = PBXFileReference; fileEncoding = 4; lastKnownFileType = sourcecode.cpp.cpp; path = zero_copy_stream_impl.cc; sourceTree = "<group>"; };
		64728585197223DA00DE0A0A /* zero_copy_stream_impl.h */ = {isa = PBXFileReference; fileEncoding = 4; lastKnownFileType = sourcecode.c.h; path = zero_copy_stream_impl.h; sourceTree = "<group>"; };
		64728586197223DA00DE0A0A /* zero_copy_stream_impl_lite.cc */ = {isa = PBXFileReference; fileEncoding = 4; lastKnownFileType = sourcecode.cpp.cpp; path = zero_copy_stream_impl_lite.cc; sourceTree = "<group>"; };
		64728587197223DA00DE0A0A /* zero_copy_stream_impl_lite.h */ = {isa = PBXFileReference; fileEncoding = 4; lastKnownFileType = sourcecode.c.h; path = zero_copy_stream_impl_lite.h; sourceTree = "<group>"; };
		64728588197223DA00DE0A0A /* message.cc */ = {isa = PBXFileReference; fileEncoding = 4; lastKnownFileType = sourcecode.cpp.cpp; path = message.cc; sourceTree = "<group>"; };
		64728589197223DA00DE0A0A /* message.h */ = {isa = PBXFileReference; fileEncoding = 4; lastKnownFileType = sourcecode.c.h; path = message.h; sourceTree = "<group>"; };
		6472858A197223DA00DE0A0A /* message_lite.cc */ = {isa = PBXFileReference; fileEncoding = 4; lastKnownFileType = sourcecode.cpp.cpp; path = message_lite.cc; sourceTree = "<group>"; };
		6472858B197223DA00DE0A0A /* message_lite.h */ = {isa = PBXFileReference; fileEncoding = 4; lastKnownFileType = sourcecode.c.h; path = message_lite.h; sourceTree = "<group>"; };
		6472858C197223DA00DE0A0A /* package_info.h */ = {isa = PBXFileReference; fileEncoding = 4; lastKnownFileType = sourcecode.c.h; path = package_info.h; sourceTree = "<group>"; };
		6472858D197223DA00DE0A0A /* reflection_ops.cc */ = {isa = PBXFileReference; fileEncoding = 4; lastKnownFileType = sourcecode.cpp.cpp; path = reflection_ops.cc; sourceTree = "<group>"; };
		6472858E197223DA00DE0A0A /* reflection_ops.h */ = {isa = PBXFileReference; fileEncoding = 4; lastKnownFileType = sourcecode.c.h; path = reflection_ops.h; sourceTree = "<group>"; };
		6472858F197223DA00DE0A0A /* repeated_field.cc */ = {isa = PBXFileReference; fileEncoding = 4; lastKnownFileType = sourcecode.cpp.cpp; path = repeated_field.cc; sourceTree = "<group>"; };
		64728590197223DA00DE0A0A /* repeated_field.h */ = {isa = PBXFileReference; fileEncoding = 4; lastKnownFileType = sourcecode.c.h; path = repeated_field.h; sourceTree = "<group>"; };
		64728591197223DA00DE0A0A /* service.cc */ = {isa = PBXFileReference; fileEncoding = 4; lastKnownFileType = sourcecode.cpp.cpp; path = service.cc; sourceTree = "<group>"; };
		64728592197223DA00DE0A0A /* service.h */ = {isa = PBXFileReference; fileEncoding = 4; lastKnownFileType = sourcecode.c.h; path = service.h; sourceTree = "<group>"; };
		64728594197223DA00DE0A0A /* atomicops.h */ = {isa = PBXFileReference; fileEncoding = 4; lastKnownFileType = sourcecode.c.h; path = atomicops.h; sourceTree = "<group>"; };
		64728595197223DA00DE0A0A /* atomicops_internals_arm_gcc.h */ = {isa = PBXFileReference; fileEncoding = 4; lastKnownFileType = sourcecode.c.h; path = atomicops_internals_arm_gcc.h; sourceTree = "<group>"; };
		64728596197223DA00DE0A0A /* atomicops_internals_arm_qnx.h */ = {isa = PBXFileReference; fileEncoding = 4; lastKnownFileType = sourcecode.c.h; path = atomicops_internals_arm_qnx.h; sourceTree = "<group>"; };
		64728597197223DA00DE0A0A /* atomicops_internals_atomicword_compat.h */ = {isa = PBXFileReference; fileEncoding = 4; lastKnownFileType = sourcecode.c.h; path = atomicops_internals_atomicword_compat.h; sourceTree = "<group>"; };
		64728598197223DA00DE0A0A /* atomicops_internals_macosx.h */ = {isa = PBXFileReference; fileEncoding = 4; lastKnownFileType = sourcecode.c.h; path = atomicops_internals_macosx.h; sourceTree = "<group>"; };
		64728599197223DA00DE0A0A /* atomicops_internals_mips_gcc.h */ = {isa = PBXFileReference; fileEncoding = 4; lastKnownFileType = sourcecode.c.h; path = atomicops_internals_mips_gcc.h; sourceTree = "<group>"; };
		6472859A197223DA00DE0A0A /* atomicops_internals_pnacl.h */ = {isa = PBXFileReference; fileEncoding = 4; lastKnownFileType = sourcecode.c.h; path = atomicops_internals_pnacl.h; sourceTree = "<group>"; };
		6472859B197223DA00DE0A0A /* atomicops_internals_x86_gcc.cc */ = {isa = PBXFileReference; fileEncoding = 4; lastKnownFileType = sourcecode.cpp.cpp; path = atomicops_internals_x86_gcc.cc; sourceTree = "<group>"; };
		6472859C197223DA00DE0A0A /* atomicops_internals_x86_gcc.h */ = {isa = PBXFileReference; fileEncoding = 4; lastKnownFileType = sourcecode.c.h; path = atomicops_internals_x86_gcc.h; sourceTree = "<group>"; };
		6472859D197223DA00DE0A0A /* atomicops_internals_x86_msvc.cc */ = {isa = PBXFileReference; fileEncoding = 4; lastKnownFileType = sourcecode.cpp.cpp; path = atomicops_internals_x86_msvc.cc; sourceTree = "<group>"; };
		6472859E197223DA00DE0A0A /* atomicops_internals_x86_msvc.h */ = {isa = PBXFileReference; fileEncoding = 4; lastKnownFileType = sourcecode.c.h; path = atomicops_internals_x86_msvc.h; sourceTree = "<group>"; };
		6472859F197223DA00DE0A0A /* common.cc */ = {isa = PBXFileReference; fileEncoding = 4; lastKnownFileType = sourcecode.cpp.cpp; path = common.cc; sourceTree = "<group>"; };
		647285A0197223DA00DE0A0A /* common.h */ = {isa = PBXFileReference; fileEncoding = 4; lastKnownFileType = sourcecode.c.h; path = common.h; sourceTree = "<group>"; };
		647285A1197223DA00DE0A0A /* hash.h */ = {isa = PBXFileReference; fileEncoding = 4; lastKnownFileType = sourcecode.c.h; path = hash.h; sourceTree = "<group>"; };
		647285A2197223DA00DE0A0A /* map-util.h */ = {isa = PBXFileReference; fileEncoding = 4; lastKnownFileType = sourcecode.c.h; path = "map-util.h"; sourceTree = "<group>"; };
		647285A3197223DA00DE0A0A /* once.cc */ = {isa = PBXFileReference; fileEncoding = 4; lastKnownFileType = sourcecode.cpp.cpp; path = once.cc; sourceTree = "<group>"; };
		647285A4197223DA00DE0A0A /* once.h */ = {isa = PBXFileReference; fileEncoding = 4; lastKnownFileType = sourcecode.c.h; path = once.h; sourceTree = "<group>"; };
		647285A5197223DA00DE0A0A /* platform_macros.h */ = {isa = PBXFileReference; fileEncoding = 4; lastKnownFileType = sourcecode.c.h; path = platform_macros.h; sourceTree = "<group>"; };
		647285A6197223DA00DE0A0A /* stl_util.h */ = {isa = PBXFileReference; fileEncoding = 4; lastKnownFileType = sourcecode.c.h; path = stl_util.h; sourceTree = "<group>"; };
		647285A7197223DA00DE0A0A /* stringprintf.cc */ = {isa = PBXFileReference; fileEncoding = 4; lastKnownFileType = sourcecode.cpp.cpp; path = stringprintf.cc; sourceTree = "<group>"; };
		647285A8197223DA00DE0A0A /* stringprintf.h */ = {isa = PBXFileReference; fileEncoding = 4; lastKnownFileType = sourcecode.c.h; path = stringprintf.h; sourceTree = "<group>"; };
		647285A9197223DA00DE0A0A /* structurally_valid.cc */ = {isa = PBXFileReference; fileEncoding = 4; lastKnownFileType = sourcecode.cpp.cpp; path = structurally_valid.cc; sourceTree = "<group>"; };
		647285AA197223DA00DE0A0A /* strutil.cc */ = {isa = PBXFileReference; fileEncoding = 4; lastKnownFileType = sourcecode.cpp.cpp; path = strutil.cc; sourceTree = "<group>"; };
		647285AB197223DA00DE0A0A /* strutil.h */ = {isa = PBXFileReference; fileEncoding = 4; lastKnownFileType = sourcecode.c.h; path = strutil.h; sourceTree = "<group>"; };
		647285AC197223DA00DE0A0A /* substitute.cc */ = {isa = PBXFileReference; fileEncoding = 4; lastKnownFileType = sourcecode.cpp.cpp; path = substitute.cc; sourceTree = "<group>"; };
		647285AD197223DA00DE0A0A /* substitute.h */ = {isa = PBXFileReference; fileEncoding = 4; lastKnownFileType = sourcecode.c.h; path = substitute.h; sourceTree = "<group>"; };
		647285AE197223DA00DE0A0A /* template_util.h */ = {isa = PBXFileReference; fileEncoding = 4; lastKnownFileType = sourcecode.c.h; path = template_util.h; sourceTree = "<group>"; };
		647285AF197223DA00DE0A0A /* type_traits.h */ = {isa = PBXFileReference; fileEncoding = 4; lastKnownFileType = sourcecode.c.h; path = type_traits.h; sourceTree = "<group>"; };
		647285BE197223DA00DE0A0A /* text_format.cc */ = {isa = PBXFileReference; fileEncoding = 4; lastKnownFileType = sourcecode.cpp.cpp; path = text_format.cc; sourceTree = "<group>"; };
		647285BF197223DA00DE0A0A /* text_format.h */ = {isa = PBXFileReference; fileEncoding = 4; lastKnownFileType = sourcecode.c.h; path = text_format.h; sourceTree = "<group>"; };
		647285C0197223DA00DE0A0A /* unknown_field_set.cc */ = {isa = PBXFileReference; fileEncoding = 4; lastKnownFileType = sourcecode.cpp.cpp; path = unknown_field_set.cc; sourceTree = "<group>"; };
		647285C1197223DA00DE0A0A /* unknown_field_set.h */ = {isa = PBXFileReference; fileEncoding = 4; lastKnownFileType = sourcecode.c.h; path = unknown_field_set.h; sourceTree = "<group>"; };
		647285C2197223DA00DE0A0A /* wire_format.cc */ = {isa = PBXFileReference; fileEncoding = 4; lastKnownFileType = sourcecode.cpp.cpp; path = wire_format.cc; sourceTree = "<group>"; };
		647285C3197223DA00DE0A0A /* wire_format.h */ = {isa = PBXFileReference; fileEncoding = 4; lastKnownFileType = sourcecode.c.h; path = wire_format.h; sourceTree = "<group>"; };
		647285C4197223DA00DE0A0A /* wire_format_lite.cc */ = {isa = PBXFileReference; fileEncoding = 4; lastKnownFileType = sourcecode.cpp.cpp; path = wire_format_lite.cc; sourceTree = "<group>"; };
		647285C5197223DA00DE0A0A /* wire_format_lite.h */ = {isa = PBXFileReference; fileEncoding = 4; lastKnownFileType = sourcecode.c.h; path = wire_format_lite.h; sourceTree = "<group>"; };
		647285C6197223DA00DE0A0A /* wire_format_lite_inl.h */ = {isa = PBXFileReference; fileEncoding = 4; lastKnownFileType = sourcecode.c.h; path = wire_format_lite_inl.h; sourceTree = "<group>"; };
		647286721972243A00DE0A0A /* config.h */ = {isa = PBXFileReference; fileEncoding = 4; lastKnownFileType = sourcecode.c.h; path = config.h; sourceTree = "<group>"; };
		647286741972249900DE0A0A /* cast_channel.pb.h */ = {isa = PBXFileReference; fileEncoding = 4; lastKnownFileType = sourcecode.c.h; path = cast_channel.pb.h; sourceTree = "<group>"; };
		64728678197224C700DE0A0A /* cast_channel.pb.cc */ = {isa = PBXFileReference; fileEncoding = 4; lastKnownFileType = sourcecode.cpp.cpp; path = cast_channel.pb.cc; sourceTree = "<group>"; };
		6472867B1974AC1800DE0A0A /* OCHeartbeatChannel.h */ = {isa = PBXFileReference; fileEncoding = 4; lastKnownFileType = sourcecode.c.h; path = OCHeartbeatChannel.h; sourceTree = "<group>"; };
		6472867C1974AC1800DE0A0A /* OCHeartbeatChannel.m */ = {isa = PBXFileReference; fileEncoding = 4; lastKnownFileType = sourcecode.c.objc; path = OCHeartbeatChannel.m; sourceTree = "<group>"; };
		647286961974C3FC00DE0A0A /* OCReceiverControlChannel.h */ = {isa = PBXFileReference; fileEncoding = 4; lastKnownFileType = sourcecode.c.h; path = OCReceiverControlChannel.h; sourceTree = "<group>"; };
		647286971974C3FC00DE0A0A /* OCReceiverControlChannel.m */ = {isa = PBXFileReference; fileEncoding = 4; lastKnownFileType = sourcecode.c.objc; path = OCReceiverControlChannel.m; sourceTree = "<group>"; };
		6472878F1975FB0B00DE0A0A /* JSONKit.h */ = {isa = PBXFileReference; fileEncoding = 4; lastKnownFileType = sourcecode.c.h; path = JSONKit.h; sourceTree = "<group>"; };
		647287901975FB0B00DE0A0A /* JSONKit.m */ = {isa = PBXFileReference; fileEncoding = 4; lastKnownFileType = sourcecode.c.objc; path = JSONKit.m; sourceTree = "<group>"; };
		6472879319760BD200DE0A0A /* OCMediaControlChannel.h */ = {isa = PBXFileReference; fileEncoding = 4; lastKnownFileType = sourcecode.c.h; path = OCMediaControlChannel.h; sourceTree = "<group>"; };
		6472879419760BD200DE0A0A /* OCMediaControlChannel.m */ = {isa = PBXFileReference; fileEncoding = 4; lastKnownFileType = sourcecode.c.objc; path = OCMediaControlChannel.m; sourceTree = "<group>"; };
		6472879719760F6C00DE0A0A /* OCMediaInformation.h */ = {isa = PBXFileReference; fileEncoding = 4; lastKnownFileType = sourcecode.c.h; path = OCMediaInformation.h; sourceTree = "<group>"; };
		6472879819760F6C00DE0A0A /* OCMediaInformation.m */ = {isa = PBXFileReference; fileEncoding = 4; lastKnownFileType = sourcecode.c.objc; path = OCMediaInformation.m; sourceTree = "<group>"; };
		6472879B197615FF00DE0A0A /* OCMediaMetadata.h */ = {isa = PBXFileReference; fileEncoding = 4; lastKnownFileType = sourcecode.c.h; path = OCMediaMetadata.h; sourceTree = "<group>"; };
		6472879D1976164800DE0A0A /* OCMediaMetadata.m */ = {isa = PBXFileReference; fileEncoding = 4; lastKnownFileType = sourcecode.c.objc; path = OCMediaMetadata.m; sourceTree = "<group>"; };
		64BC9946196CCBBA003968FF /* OCDevice.h */ = {isa = PBXFileReference; fileEncoding = 4; lastKnownFileType = sourcecode.c.h; path = OCDevice.h; sourceTree = "<group>"; };
		64BC9947196CCBBA003968FF /* OCDevice.m */ = {isa = PBXFileReference; fileEncoding = 4; lastKnownFileType = sourcecode.c.objc; path = OCDevice.m; sourceTree = "<group>"; };
		64BC9964196E0266003968FF /* OCDeviceManager.h */ = {isa = PBXFileReference; fileEncoding = 4; lastKnownFileType = sourcecode.c.h; path = OCDeviceManager.h; sourceTree = "<group>"; };
		64BC9965196E0266003968FF /* OCDeviceManager.mm */ = {isa = PBXFileReference; fileEncoding = 4; lastKnownFileType = sourcecode.cpp.objcpp; path = OCDeviceManager.mm; sourceTree = "<group>"; };
		64BC9A5B1970D7AF003968FF /* OCCastChannel.h */ = {isa = PBXFileReference; fileEncoding = 4; lastKnownFileType = sourcecode.c.h; path = OCCastChannel.h; sourceTree = "<group>"; };
		64BC9A5C1970D7AF003968FF /* OCCastChannel.m */ = {isa = PBXFileReference; fileEncoding = 4; lastKnownFileType = sourcecode.c.objc; path = OCCastChannel.m; sourceTree = "<group>"; };
		64BC9A631971A9DC003968FF /* OCConstants.h */ = {isa = PBXFileReference; fileEncoding = 4; lastKnownFileType = sourcecode.c.h; path = OCConstants.h; sourceTree = "<group>"; };
		64BC9A641971A9DC003968FF /* OCConstants.m */ = {isa = PBXFileReference; fileEncoding = 4; lastKnownFileType = sourcecode.c.objc; path = OCConstants.m; sourceTree = "<group>"; };
/* End PBXFileReference section */

/* Begin PBXFrameworksBuildPhase section */
		641D83C5196CB592001700EC /* Frameworks */ = {
			isa = PBXFrameworksBuildPhase;
			buildActionMask = 2147483647;
			files = (
				646CF6381972207F00AFEC08 /* libz.dylib in Frameworks */,
				641D83CD196CB592001700EC /* Cocoa.framework in Frameworks */,
			);
			runOnlyForDeploymentPostprocessing = 0;
		};
		641D83DD196CB592001700EC /* Frameworks */ = {
			isa = PBXFrameworksBuildPhase;
			buildActionMask = 2147483647;
			files = (
				641D83E3196CB592001700EC /* Cocoa.framework in Frameworks */,
				641D83E2196CB592001700EC /* XCTest.framework in Frameworks */,
				641D83E6196CB592001700EC /* OpenCast.framework in Frameworks */,
			);
			runOnlyForDeploymentPostprocessing = 0;
		};
/* End PBXFrameworksBuildPhase section */

/* Begin PBXGroup section */
		641D83BF196CB592001700EC = {
			isa = PBXGroup;
			children = (
				641D83D2196CB592001700EC /* OpenCast */,
				641D83E7196CB592001700EC /* OpenCastTests */,
				64BC9971196E0C07003968FF /* Libraries */,
				641D83CB196CB592001700EC /* Frameworks */,
				641D83CA196CB592001700EC /* Products */,
			);
			sourceTree = "<group>";
		};
		641D83CA196CB592001700EC /* Products */ = {
			isa = PBXGroup;
			children = (
				641D83C9196CB592001700EC /* OpenCast.framework */,
				641D83E0196CB592001700EC /* OpenCastTests.xctest */,
			);
			name = Products;
			sourceTree = "<group>";
		};
		641D83CB196CB592001700EC /* Frameworks */ = {
			isa = PBXGroup;
			children = (
				646CF6371972207F00AFEC08 /* libz.dylib */,
				641D83CC196CB592001700EC /* Cocoa.framework */,
				641D83E1196CB592001700EC /* XCTest.framework */,
				641D83CE196CB592001700EC /* Other Frameworks */,
			);
			name = Frameworks;
			sourceTree = "<group>";
		};
		641D83CE196CB592001700EC /* Other Frameworks */ = {
			isa = PBXGroup;
			children = (
				641D83CF196CB592001700EC /* Foundation.framework */,
				641D83D0196CB592001700EC /* CoreData.framework */,
				641D83D1196CB592001700EC /* AppKit.framework */,
			);
			name = "Other Frameworks";
			sourceTree = "<group>";
		};
		641D83D2196CB592001700EC /* OpenCast */ = {
			isa = PBXGroup;
			children = (
				64728678197224C700DE0A0A /* cast_channel.pb.cc */,
				647286741972249900DE0A0A /* cast_channel.pb.h */,
				64BC9A5B1970D7AF003968FF /* OCCastChannel.h */,
				64BC9A5C1970D7AF003968FF /* OCCastChannel.m */,
				64BC9A631971A9DC003968FF /* OCConstants.h */,
				64BC9A641971A9DC003968FF /* OCConstants.m */,
				64BC9946196CCBBA003968FF /* OCDevice.h */,
				64BC9947196CCBBA003968FF /* OCDevice.m */,
				64BC9964196E0266003968FF /* OCDeviceManager.h */,
				64BC9965196E0266003968FF /* OCDeviceManager.mm */,
				641D83F7196CB874001700EC /* OCDeviceScanner.h */,
				641D83F8196CB874001700EC /* OCDeviceScanner.m */,
				6472867B1974AC1800DE0A0A /* OCHeartbeatChannel.h */,
				6472867C1974AC1800DE0A0A /* OCHeartbeatChannel.m */,
				647286961974C3FC00DE0A0A /* OCReceiverControlChannel.h */,
				647286971974C3FC00DE0A0A /* OCReceiverControlChannel.m */,
				6472879319760BD200DE0A0A /* OCMediaControlChannel.h */,
				6472879419760BD200DE0A0A /* OCMediaControlChannel.m */,
				6472879719760F6C00DE0A0A /* OCMediaInformation.h */,
				6472879819760F6C00DE0A0A /* OCMediaInformation.m */,
				6472879B197615FF00DE0A0A /* OCMediaMetadata.h */,
				6472879D1976164800DE0A0A /* OCMediaMetadata.m */,
				641D83D9196CB592001700EC /* OpenCast.h */,
				641D83DA196CB592001700EC /* OpenCast.m */,
				641D83D3196CB592001700EC /* Supporting Files */,
			);
			path = OpenCast;
			sourceTree = "<group>";
		};
		641D83D3196CB592001700EC /* Supporting Files */ = {
			isa = PBXGroup;
			children = (
				641D83D4196CB592001700EC /* OpenCast-Info.plist */,
				641D83D5196CB592001700EC /* InfoPlist.strings */,
				641D83D8196CB592001700EC /* OpenCast-Prefix.pch */,
			);
			name = "Supporting Files";
			sourceTree = "<group>";
		};
		641D83E7196CB592001700EC /* OpenCastTests */ = {
			isa = PBXGroup;
			children = (
				641D83ED196CB592001700EC /* OpenCastTests.m */,
				641D83E8196CB592001700EC /* Supporting Files */,
			);
			path = OpenCastTests;
			sourceTree = "<group>";
		};
		641D83E8196CB592001700EC /* Supporting Files */ = {
			isa = PBXGroup;
			children = (
				641D83E9196CB592001700EC /* OpenCastTests-Info.plist */,
				641D83EA196CB592001700EC /* InfoPlist.strings */,
			);
			name = "Supporting Files";
			sourceTree = "<group>";
		};
		64728512197223DA00DE0A0A /* google */ = {
			isa = PBXGroup;
			children = (
				64728513197223DA00DE0A0A /* protobuf */,
			);
			name = google;
			path = Libraries/google;
			sourceTree = "<group>";
		};
		64728513197223DA00DE0A0A /* protobuf */ = {
			isa = PBXGroup;
			children = (
				647286721972243A00DE0A0A /* config.h */,
				64728566197223DA00DE0A0A /* descriptor.cc */,
				64728567197223DA00DE0A0A /* descriptor.h */,
				64728568197223DA00DE0A0A /* descriptor.pb.cc */,
				64728569197223DA00DE0A0A /* descriptor.pb.h */,
				6472856A197223DA00DE0A0A /* descriptor.proto */,
				6472856B197223DA00DE0A0A /* descriptor_database.cc */,
				6472856C197223DA00DE0A0A /* descriptor_database.h */,
				6472856D197223DA00DE0A0A /* dynamic_message.cc */,
				6472856E197223DA00DE0A0A /* dynamic_message.h */,
				6472856F197223DA00DE0A0A /* extension_set.cc */,
				64728570197223DA00DE0A0A /* extension_set.h */,
				64728571197223DA00DE0A0A /* extension_set_heavy.cc */,
				64728572197223DA00DE0A0A /* generated_enum_reflection.h */,
				64728573197223DA00DE0A0A /* generated_message_reflection.cc */,
				64728574197223DA00DE0A0A /* generated_message_reflection.h */,
				64728575197223DA00DE0A0A /* generated_message_util.cc */,
				64728576197223DA00DE0A0A /* generated_message_util.h */,
				64728577197223DA00DE0A0A /* io */,
				64728588197223DA00DE0A0A /* message.cc */,
				64728589197223DA00DE0A0A /* message.h */,
				6472858A197223DA00DE0A0A /* message_lite.cc */,
				6472858B197223DA00DE0A0A /* message_lite.h */,
				6472858C197223DA00DE0A0A /* package_info.h */,
				6472858D197223DA00DE0A0A /* reflection_ops.cc */,
				6472858E197223DA00DE0A0A /* reflection_ops.h */,
				6472858F197223DA00DE0A0A /* repeated_field.cc */,
				64728590197223DA00DE0A0A /* repeated_field.h */,
				64728591197223DA00DE0A0A /* service.cc */,
				64728592197223DA00DE0A0A /* service.h */,
				64728593197223DA00DE0A0A /* stubs */,
				647285BE197223DA00DE0A0A /* text_format.cc */,
				647285BF197223DA00DE0A0A /* text_format.h */,
				647285C0197223DA00DE0A0A /* unknown_field_set.cc */,
				647285C1197223DA00DE0A0A /* unknown_field_set.h */,
				647285C2197223DA00DE0A0A /* wire_format.cc */,
				647285C3197223DA00DE0A0A /* wire_format.h */,
				647285C4197223DA00DE0A0A /* wire_format_lite.cc */,
				647285C5197223DA00DE0A0A /* wire_format_lite.h */,
				647285C6197223DA00DE0A0A /* wire_format_lite_inl.h */,
			);
			path = protobuf;
			sourceTree = "<group>";
		};
		64728577197223DA00DE0A0A /* io */ = {
			isa = PBXGroup;
			children = (
				64728578197223DA00DE0A0A /* coded_stream.cc */,
				64728579197223DA00DE0A0A /* coded_stream.h */,
				6472857A197223DA00DE0A0A /* coded_stream_inl.h */,
				6472857B197223DA00DE0A0A /* gzip_stream.cc */,
				6472857C197223DA00DE0A0A /* gzip_stream.h */,
				6472857D197223DA00DE0A0A /* package_info.h */,
				6472857E197223DA00DE0A0A /* printer.cc */,
				6472857F197223DA00DE0A0A /* printer.h */,
				64728580197223DA00DE0A0A /* tokenizer.cc */,
				64728581197223DA00DE0A0A /* tokenizer.h */,
				64728582197223DA00DE0A0A /* zero_copy_stream.cc */,
				64728583197223DA00DE0A0A /* zero_copy_stream.h */,
				64728584197223DA00DE0A0A /* zero_copy_stream_impl.cc */,
				64728585197223DA00DE0A0A /* zero_copy_stream_impl.h */,
				64728586197223DA00DE0A0A /* zero_copy_stream_impl_lite.cc */,
				64728587197223DA00DE0A0A /* zero_copy_stream_impl_lite.h */,
			);
			path = io;
			sourceTree = "<group>";
		};
		64728593197223DA00DE0A0A /* stubs */ = {
			isa = PBXGroup;
			children = (
				64728594197223DA00DE0A0A /* atomicops.h */,
				64728595197223DA00DE0A0A /* atomicops_internals_arm_gcc.h */,
				64728596197223DA00DE0A0A /* atomicops_internals_arm_qnx.h */,
				64728597197223DA00DE0A0A /* atomicops_internals_atomicword_compat.h */,
				64728598197223DA00DE0A0A /* atomicops_internals_macosx.h */,
				64728599197223DA00DE0A0A /* atomicops_internals_mips_gcc.h */,
				6472859A197223DA00DE0A0A /* atomicops_internals_pnacl.h */,
				6472859B197223DA00DE0A0A /* atomicops_internals_x86_gcc.cc */,
				6472859C197223DA00DE0A0A /* atomicops_internals_x86_gcc.h */,
				6472859D197223DA00DE0A0A /* atomicops_internals_x86_msvc.cc */,
				6472859E197223DA00DE0A0A /* atomicops_internals_x86_msvc.h */,
				6472859F197223DA00DE0A0A /* common.cc */,
				647285A0197223DA00DE0A0A /* common.h */,
				647285A1197223DA00DE0A0A /* hash.h */,
				647285A2197223DA00DE0A0A /* map-util.h */,
				647285A3197223DA00DE0A0A /* once.cc */,
				647285A4197223DA00DE0A0A /* once.h */,
				647285A5197223DA00DE0A0A /* platform_macros.h */,
				647285A6197223DA00DE0A0A /* stl_util.h */,
				647285A7197223DA00DE0A0A /* stringprintf.cc */,
				647285A8197223DA00DE0A0A /* stringprintf.h */,
				647285A9197223DA00DE0A0A /* structurally_valid.cc */,
				647285AA197223DA00DE0A0A /* strutil.cc */,
				647285AB197223DA00DE0A0A /* strutil.h */,
				647285AC197223DA00DE0A0A /* substitute.cc */,
				647285AD197223DA00DE0A0A /* substitute.h */,
				647285AE197223DA00DE0A0A /* template_util.h */,
				647285AF197223DA00DE0A0A /* type_traits.h */,
			);
			path = stubs;
			sourceTree = "<group>";
		};
		6472878E1975FB0B00DE0A0A /* JSONKit */ = {
			isa = PBXGroup;
			children = (
				6472878F1975FB0B00DE0A0A /* JSONKit.h */,
				647287901975FB0B00DE0A0A /* JSONKit.m */,
			);
			name = JSONKit;
			path = Libraries/JSONKit;
			sourceTree = "<group>";
		};
		64BC9971196E0C07003968FF /* Libraries */ = {
			isa = PBXGroup;
			children = (
				6472878E1975FB0B00DE0A0A /* JSONKit */,
				64728512197223DA00DE0A0A /* google */,
			);
			name = Libraries;
			sourceTree = "<group>";
		};
/* End PBXGroup section */

/* Begin PBXHeadersBuildPhase section */
		641D83C6196CB592001700EC /* Headers */ = {
			isa = PBXHeadersBuildPhase;
			buildActionMask = 2147483647;
			files = (
				6472879919760F6C00DE0A0A /* OCMediaInformation.h in Headers */,
				64728652197223DA00DE0A0A /* platform_macros.h in Headers */,
				6472862B197223DA00DE0A0A /* package_info.h in Headers */,
				6472865C197223DA00DE0A0A /* type_traits.h in Headers */,
				64728643197223DA00DE0A0A /* atomicops_internals_arm_qnx.h in Headers */,
				64728671197223DA00DE0A0A /* wire_format_lite_inl.h in Headers */,
				647286981974C3FC00DE0A0A /* OCReceiverControlChannel.h in Headers */,
				6472879C197615FF00DE0A0A /* OCMediaMetadata.h in Headers */,
				6472867D1974AC1800DE0A0A /* OCHeartbeatChannel.h in Headers */,
				6472879519760BD200DE0A0A /* OCMediaControlChannel.h in Headers */,
				6472863C197223DA00DE0A0A /* reflection_ops.h in Headers */,
				6472861D197223DA00DE0A0A /* dynamic_message.h in Headers */,
				64728625197223DA00DE0A0A /* generated_message_util.h in Headers */,
				64728653197223DA00DE0A0A /* stl_util.h in Headers */,
				64728655197223DA00DE0A0A /* stringprintf.h in Headers */,
				6472861F197223DA00DE0A0A /* extension_set.h in Headers */,
				64728618197223DA00DE0A0A /* descriptor.pb.h in Headers */,
				64BC9A5D1970D7AF003968FF /* OCCastChannel.h in Headers */,
				64728635197223DA00DE0A0A /* zero_copy_stream_impl_lite.h in Headers */,
				64728637197223DA00DE0A0A /* message.h in Headers */,
				64728640197223DA00DE0A0A /* service.h in Headers */,
				6472866C197223DA00DE0A0A /* unknown_field_set.h in Headers */,
				64728651197223DA00DE0A0A /* once.h in Headers */,
				64728644197223DA00DE0A0A /* atomicops_internals_atomicword_compat.h in Headers */,
				64728621197223DA00DE0A0A /* generated_enum_reflection.h in Headers */,
				647286731972243A00DE0A0A /* config.h in Headers */,
				6472863E197223DA00DE0A0A /* repeated_field.h in Headers */,
				64728639197223DA00DE0A0A /* message_lite.h in Headers */,
				64BC9A651971A9DC003968FF /* OCConstants.h in Headers */,
				6472864B197223DA00DE0A0A /* atomicops_internals_x86_msvc.h in Headers */,
				64728658197223DA00DE0A0A /* strutil.h in Headers */,
				647287911975FB0B00DE0A0A /* JSONKit.h in Headers */,
				647286761972249900DE0A0A /* cast_channel.pb.h in Headers */,
				6472864E197223DA00DE0A0A /* hash.h in Headers */,
				64728627197223DA00DE0A0A /* coded_stream.h in Headers */,
				6472864D197223DA00DE0A0A /* common.h in Headers */,
				6472866A197223DA00DE0A0A /* text_format.h in Headers */,
				6472865A197223DA00DE0A0A /* substitute.h in Headers */,
				6472862D197223DA00DE0A0A /* printer.h in Headers */,
				64728670197223DA00DE0A0A /* wire_format_lite.h in Headers */,
				6472864F197223DA00DE0A0A /* map-util.h in Headers */,
				64BC9966196E0266003968FF /* OCDeviceManager.h in Headers */,
				64BC9948196CCBBA003968FF /* OCDevice.h in Headers */,
				64728646197223DA00DE0A0A /* atomicops_internals_mips_gcc.h in Headers */,
				64728649197223DA00DE0A0A /* atomicops_internals_x86_gcc.h in Headers */,
				64728641197223DA00DE0A0A /* atomicops.h in Headers */,
				6472865B197223DA00DE0A0A /* template_util.h in Headers */,
				64728623197223DA00DE0A0A /* generated_message_reflection.h in Headers */,
				64728645197223DA00DE0A0A /* atomicops_internals_macosx.h in Headers */,
				6472862A197223DA00DE0A0A /* gzip_stream.h in Headers */,
				641D83F9196CB874001700EC /* OCDeviceScanner.h in Headers */,
				64728633197223DA00DE0A0A /* zero_copy_stream_impl.h in Headers */,
				6472863A197223DA00DE0A0A /* package_info.h in Headers */,
				64728642197223DA00DE0A0A /* atomicops_internals_arm_gcc.h in Headers */,
				64BC995C196CD585003968FF /* OpenCast.h in Headers */,
				6472862F197223DA00DE0A0A /* tokenizer.h in Headers */,
				64728616197223DA00DE0A0A /* descriptor.h in Headers */,
				64728628197223DA00DE0A0A /* coded_stream_inl.h in Headers */,
				64728631197223DA00DE0A0A /* zero_copy_stream.h in Headers */,
				6472861B197223DA00DE0A0A /* descriptor_database.h in Headers */,
				64728647197223DA00DE0A0A /* atomicops_internals_pnacl.h in Headers */,
				6472866E197223DA00DE0A0A /* wire_format.h in Headers */,
			);
			runOnlyForDeploymentPostprocessing = 0;
		};
/* End PBXHeadersBuildPhase section */

/* Begin PBXNativeTarget section */
		641D83C8196CB592001700EC /* OpenCast */ = {
			isa = PBXNativeTarget;
			buildConfigurationList = 641D83F1196CB592001700EC /* Build configuration list for PBXNativeTarget "OpenCast" */;
			buildPhases = (
				641D83C4196CB592001700EC /* Sources */,
				641D83C5196CB592001700EC /* Frameworks */,
				641D83C6196CB592001700EC /* Headers */,
				641D83C7196CB592001700EC /* Resources */,
			);
			buildRules = (
			);
			dependencies = (
			);
			name = OpenCast;
			productName = OpenCast;
			productReference = 641D83C9196CB592001700EC /* OpenCast.framework */;
			productType = "com.apple.product-type.framework";
		};
		641D83DF196CB592001700EC /* OpenCastTests */ = {
			isa = PBXNativeTarget;
			buildConfigurationList = 641D83F4196CB592001700EC /* Build configuration list for PBXNativeTarget "OpenCastTests" */;
			buildPhases = (
				641D83DC196CB592001700EC /* Sources */,
				641D83DD196CB592001700EC /* Frameworks */,
				641D83DE196CB592001700EC /* Resources */,
			);
			buildRules = (
			);
			dependencies = (
				641D83E5196CB592001700EC /* PBXTargetDependency */,
			);
			name = OpenCastTests;
			productName = OpenCastTests;
			productReference = 641D83E0196CB592001700EC /* OpenCastTests.xctest */;
			productType = "com.apple.product-type.bundle.unit-test";
		};
/* End PBXNativeTarget section */

/* Begin PBXProject section */
		641D83C0196CB592001700EC /* Project object */ = {
			isa = PBXProject;
			attributes = {
				LastUpgradeCheck = 0500;
				ORGANIZATIONNAME = "Adam Jensen";
				TargetAttributes = {
					641D83DF196CB592001700EC = {
						TestTargetID = 641D83C8196CB592001700EC;
					};
				};
			};
			buildConfigurationList = 641D83C3196CB592001700EC /* Build configuration list for PBXProject "OpenCast" */;
			compatibilityVersion = "Xcode 3.2";
			developmentRegion = English;
			hasScannedForEncodings = 0;
			knownRegions = (
				en,
			);
			mainGroup = 641D83BF196CB592001700EC;
			productRefGroup = 641D83CA196CB592001700EC /* Products */;
			projectDirPath = "";
			projectRoot = "";
			targets = (
				641D83C8196CB592001700EC /* OpenCast */,
				641D83DF196CB592001700EC /* OpenCastTests */,
			);
		};
/* End PBXProject section */

/* Begin PBXResourcesBuildPhase section */
		641D83C7196CB592001700EC /* Resources */ = {
			isa = PBXResourcesBuildPhase;
			buildActionMask = 2147483647;
			files = (
				64728619197223DA00DE0A0A /* descriptor.proto in Resources */,
				641D83D7196CB592001700EC /* InfoPlist.strings in Resources */,
			);
			runOnlyForDeploymentPostprocessing = 0;
		};
		641D83DE196CB592001700EC /* Resources */ = {
			isa = PBXResourcesBuildPhase;
			buildActionMask = 2147483647;
			files = (
				641D83EC196CB592001700EC /* InfoPlist.strings in Resources */,
			);
			runOnlyForDeploymentPostprocessing = 0;
		};
/* End PBXResourcesBuildPhase section */

/* Begin PBXSourcesBuildPhase section */
		641D83C4196CB592001700EC /* Sources */ = {
			isa = PBXSourcesBuildPhase;
			buildActionMask = 2147483647;
			files = (
				6472861E197223DA00DE0A0A /* extension_set.cc in Sources */,
				64728659197223DA00DE0A0A /* substitute.cc in Sources */,
				6472867E1974AC1800DE0A0A /* OCHeartbeatChannel.m in Sources */,
				64728624197223DA00DE0A0A /* generated_message_util.cc in Sources */,
				64728615197223DA00DE0A0A /* descriptor.cc in Sources */,
				64728657197223DA00DE0A0A /* strutil.cc in Sources */,
				641D83FA196CB874001700EC /* OCDeviceScanner.m in Sources */,
				6472879E1976164800DE0A0A /* OCMediaMetadata.m in Sources */,
				6472864A197223DA00DE0A0A /* atomicops_internals_x86_msvc.cc in Sources */,
				64BC9967196E0266003968FF /* OCDeviceManager.mm in Sources */,
				6472862C197223DA00DE0A0A /* printer.cc in Sources */,
				6472862E197223DA00DE0A0A /* tokenizer.cc in Sources */,
				64728650197223DA00DE0A0A /* once.cc in Sources */,
				64728679197224C700DE0A0A /* cast_channel.pb.cc in Sources */,
				64728654197223DA00DE0A0A /* stringprintf.cc in Sources */,
				6472866B197223DA00DE0A0A /* unknown_field_set.cc in Sources */,
				64728626197223DA00DE0A0A /* coded_stream.cc in Sources */,
				64728629197223DA00DE0A0A /* gzip_stream.cc in Sources */,
				64728638197223DA00DE0A0A /* message_lite.cc in Sources */,
				6472879619760BD200DE0A0A /* OCMediaControlChannel.m in Sources */,
				647287921975FB0B00DE0A0A /* JSONKit.m in Sources */,
				64728617197223DA00DE0A0A /* descriptor.pb.cc in Sources */,
				6472879A19760F6C00DE0A0A /* OCMediaInformation.m in Sources */,
				64728648197223DA00DE0A0A /* atomicops_internals_x86_gcc.cc in Sources */,
				6472866F197223DA00DE0A0A /* wire_format_lite.cc in Sources */,
				64728630197223DA00DE0A0A /* zero_copy_stream.cc in Sources */,
				64BC9A661971A9DC003968FF /* OCConstants.m in Sources */,
				64728620197223DA00DE0A0A /* extension_set_heavy.cc in Sources */,
				64728632197223DA00DE0A0A /* zero_copy_stream_impl.cc in Sources */,
				641D83DB196CB592001700EC /* OpenCast.m in Sources */,
				64728636197223DA00DE0A0A /* message.cc in Sources */,
				64728656197223DA00DE0A0A /* structurally_valid.cc in Sources */,
				6472863F197223DA00DE0A0A /* service.cc in Sources */,
				6472866D197223DA00DE0A0A /* wire_format.cc in Sources */,
				647286991974C3FC00DE0A0A /* OCReceiverControlChannel.m in Sources */,
				64728622197223DA00DE0A0A /* generated_message_reflection.cc in Sources */,
				6472863D197223DA00DE0A0A /* repeated_field.cc in Sources */,
				64BC9A5E1970D7AF003968FF /* OCCastChannel.m in Sources */,
				64728634197223DA00DE0A0A /* zero_copy_stream_impl_lite.cc in Sources */,
				6472861C197223DA00DE0A0A /* dynamic_message.cc in Sources */,
				6472863B197223DA00DE0A0A /* reflection_ops.cc in Sources */,
				6472861A197223DA00DE0A0A /* descriptor_database.cc in Sources */,
				6472864C197223DA00DE0A0A /* common.cc in Sources */,
				64BC9949196CCBBA003968FF /* OCDevice.m in Sources */,
				64728669197223DA00DE0A0A /* text_format.cc in Sources */,
			);
			runOnlyForDeploymentPostprocessing = 0;
		};
		641D83DC196CB592001700EC /* Sources */ = {
			isa = PBXSourcesBuildPhase;
			buildActionMask = 2147483647;
			files = (
				641D83EE196CB592001700EC /* OpenCastTests.m in Sources */,
			);
			runOnlyForDeploymentPostprocessing = 0;
		};
/* End PBXSourcesBuildPhase section */

/* Begin PBXTargetDependency section */
		641D83E5196CB592001700EC /* PBXTargetDependency */ = {
			isa = PBXTargetDependency;
			target = 641D83C8196CB592001700EC /* OpenCast */;
			targetProxy = 641D83E4196CB592001700EC /* PBXContainerItemProxy */;
		};
/* End PBXTargetDependency section */

/* Begin PBXVariantGroup section */
		641D83D5196CB592001700EC /* InfoPlist.strings */ = {
			isa = PBXVariantGroup;
			children = (
				641D83D6196CB592001700EC /* en */,
			);
			name = InfoPlist.strings;
			sourceTree = "<group>";
		};
		641D83EA196CB592001700EC /* InfoPlist.strings */ = {
			isa = PBXVariantGroup;
			children = (
				641D83EB196CB592001700EC /* en */,
			);
			name = InfoPlist.strings;
			sourceTree = "<group>";
		};
/* End PBXVariantGroup section */

/* Begin XCBuildConfiguration section */
		641D83EF196CB592001700EC /* Debug */ = {
			isa = XCBuildConfiguration;
			buildSettings = {
				ALWAYS_SEARCH_USER_PATHS = NO;
				CLANG_CXX_LANGUAGE_STANDARD = "gnu++0x";
				CLANG_CXX_LIBRARY = "libc++";
				CLANG_ENABLE_OBJC_ARC = YES;
				CLANG_WARN_BOOL_CONVERSION = YES;
				CLANG_WARN_CONSTANT_CONVERSION = YES;
				CLANG_WARN_DIRECT_OBJC_ISA_USAGE = YES_ERROR;
				CLANG_WARN_EMPTY_BODY = YES;
				CLANG_WARN_ENUM_CONVERSION = YES;
				CLANG_WARN_INT_CONVERSION = YES;
				CLANG_WARN_OBJC_ROOT_CLASS = YES_ERROR;
				CLANG_WARN__DUPLICATE_METHOD_MATCH = YES;
				COPY_PHASE_STRIP = NO;
				GCC_C_LANGUAGE_STANDARD = gnu99;
				GCC_DYNAMIC_NO_PIC = NO;
				GCC_ENABLE_OBJC_EXCEPTIONS = YES;
				GCC_OPTIMIZATION_LEVEL = 0;
				GCC_PREPROCESSOR_DEFINITIONS = (
					"DEBUG=1",
					"$(inherited)",
				);
				GCC_SYMBOLS_PRIVATE_EXTERN = NO;
				GCC_WARN_64_TO_32_BIT_CONVERSION = YES;
				GCC_WARN_ABOUT_RETURN_TYPE = YES_ERROR;
				GCC_WARN_UNDECLARED_SELECTOR = YES;
				GCC_WARN_UNINITIALIZED_AUTOS = YES;
				GCC_WARN_UNUSED_FUNCTION = YES;
				GCC_WARN_UNUSED_VARIABLE = YES;
				MACOSX_DEPLOYMENT_TARGET = 10.9;
				ONLY_ACTIVE_ARCH = YES;
				SDKROOT = macosx;
			};
			name = Debug;
		};
		641D83F0196CB592001700EC /* Release */ = {
			isa = XCBuildConfiguration;
			buildSettings = {
				ALWAYS_SEARCH_USER_PATHS = NO;
				CLANG_CXX_LANGUAGE_STANDARD = "gnu++0x";
				CLANG_CXX_LIBRARY = "libc++";
				CLANG_ENABLE_OBJC_ARC = YES;
				CLANG_WARN_BOOL_CONVERSION = YES;
				CLANG_WARN_CONSTANT_CONVERSION = YES;
				CLANG_WARN_DIRECT_OBJC_ISA_USAGE = YES_ERROR;
				CLANG_WARN_EMPTY_BODY = YES;
				CLANG_WARN_ENUM_CONVERSION = YES;
				CLANG_WARN_INT_CONVERSION = YES;
				CLANG_WARN_OBJC_ROOT_CLASS = YES_ERROR;
				CLANG_WARN__DUPLICATE_METHOD_MATCH = YES;
				COPY_PHASE_STRIP = YES;
				DEBUG_INFORMATION_FORMAT = "dwarf-with-dsym";
				ENABLE_NS_ASSERTIONS = NO;
				GCC_C_LANGUAGE_STANDARD = gnu99;
				GCC_ENABLE_OBJC_EXCEPTIONS = YES;
				GCC_WARN_64_TO_32_BIT_CONVERSION = YES;
				GCC_WARN_ABOUT_RETURN_TYPE = YES_ERROR;
				GCC_WARN_UNDECLARED_SELECTOR = YES;
				GCC_WARN_UNINITIALIZED_AUTOS = YES;
				GCC_WARN_UNUSED_FUNCTION = YES;
				GCC_WARN_UNUSED_VARIABLE = YES;
				MACOSX_DEPLOYMENT_TARGET = 10.9;
				SDKROOT = macosx;
			};
			name = Release;
		};
		641D83F2196CB592001700EC /* Debug */ = {
			isa = XCBuildConfiguration;
			buildSettings = {
				ALWAYS_SEARCH_USER_PATHS = YES;
				COMBINE_HIDPI_IMAGES = YES;
				DYLIB_COMPATIBILITY_VERSION = 1;
				DYLIB_CURRENT_VERSION = 1;
				FRAMEWORK_VERSION = A;
				GCC_PRECOMPILE_PREFIX_HEADER = YES;
				GCC_PREFIX_HEADER = "OpenCast/OpenCast-Prefix.pch";
				HEADER_SEARCH_PATHS = (
					"$(inherited)",
					/Applications/Xcode.app/Contents/Developer/Toolchains/XcodeDefault.xctoolchain/usr/include,
					"$(SRCROOT)/Libraries/**",
				);
				INFOPLIST_FILE = "OpenCast/OpenCast-Info.plist";
				INSTALL_PATH = "@executable_path/../Frameworks";
				PRODUCT_NAME = "$(TARGET_NAME)";
				USER_HEADER_SEARCH_PATHS = "";
				WRAPPER_EXTENSION = framework;
			};
			name = Debug;
		};
		641D83F3196CB592001700EC /* Release */ = {
			isa = XCBuildConfiguration;
			buildSettings = {
				ALWAYS_SEARCH_USER_PATHS = YES;
				COMBINE_HIDPI_IMAGES = YES;
				DYLIB_COMPATIBILITY_VERSION = 1;
				DYLIB_CURRENT_VERSION = 1;
				FRAMEWORK_VERSION = A;
				GCC_PRECOMPILE_PREFIX_HEADER = YES;
				GCC_PREFIX_HEADER = "OpenCast/OpenCast-Prefix.pch";
				HEADER_SEARCH_PATHS = (
					"$(inherited)",
					/Applications/Xcode.app/Contents/Developer/Toolchains/XcodeDefault.xctoolchain/usr/include,
					"$(SRCROOT)/Libraries/**",
				);
				INFOPLIST_FILE = "OpenCast/OpenCast-Info.plist";
				INSTALL_PATH = "@executable_path/../Frameworks";
				PRODUCT_NAME = "$(TARGET_NAME)";
				USER_HEADER_SEARCH_PATHS = "";
				WRAPPER_EXTENSION = framework;
			};
			name = Release;
		};
		641D83F5196CB592001700EC /* Debug */ = {
			isa = XCBuildConfiguration;
			buildSettings = {
				BUNDLE_LOADER = "$(BUILT_PRODUCTS_DIR)/OpenCast.framework/Versions/A/OpenCast";
				COMBINE_HIDPI_IMAGES = YES;
				FRAMEWORK_SEARCH_PATHS = (
					"$(DEVELOPER_FRAMEWORKS_DIR)",
					"$(inherited)",
				);
				GCC_PRECOMPILE_PREFIX_HEADER = YES;
				GCC_PREFIX_HEADER = "OpenCast/OpenCast-Prefix.pch";
				GCC_PREPROCESSOR_DEFINITIONS = (
					"DEBUG=1",
					"$(inherited)",
				);
				INFOPLIST_FILE = "OpenCastTests/OpenCastTests-Info.plist";
				PRODUCT_NAME = "$(TARGET_NAME)";
				TEST_HOST = "$(BUNDLE_LOADER)";
				WRAPPER_EXTENSION = xctest;
			};
			name = Debug;
		};
		641D83F6196CB592001700EC /* Release */ = {
			isa = XCBuildConfiguration;
			buildSettings = {
				BUNDLE_LOADER = "$(BUILT_PRODUCTS_DIR)/OpenCast.framework/Versions/A/OpenCast";
				COMBINE_HIDPI_IMAGES = YES;
				FRAMEWORK_SEARCH_PATHS = (
					"$(DEVELOPER_FRAMEWORKS_DIR)",
					"$(inherited)",
				);
				GCC_PRECOMPILE_PREFIX_HEADER = YES;
				GCC_PREFIX_HEADER = "OpenCast/OpenCast-Prefix.pch";
				INFOPLIST_FILE = "OpenCastTests/OpenCastTests-Info.plist";
				PRODUCT_NAME = "$(TARGET_NAME)";
				TEST_HOST = "$(BUNDLE_LOADER)";
				WRAPPER_EXTENSION = xctest;
			};
			name = Release;
		};
/* End XCBuildConfiguration section */

/* Begin XCConfigurationList section */
		641D83C3196CB592001700EC /* Build configuration list for PBXProject "OpenCast" */ = {
			isa = XCConfigurationList;
			buildConfigurations = (
				641D83EF196CB592001700EC /* Debug */,
				641D83F0196CB592001700EC /* Release */,
			);
			defaultConfigurationIsVisible = 0;
			defaultConfigurationName = Release;
		};
		641D83F1196CB592001700EC /* Build configuration list for PBXNativeTarget "OpenCast" */ = {
			isa = XCConfigurationList;
			buildConfigurations = (
				641D83F2196CB592001700EC /* Debug */,
				641D83F3196CB592001700EC /* Release */,
			);
			defaultConfigurationIsVisible = 0;
			defaultConfigurationName = Release;
		};
		641D83F4196CB592001700EC /* Build configuration list for PBXNativeTarget "OpenCastTests" */ = {
			isa = XCConfigurationList;
			buildConfigurations = (
				641D83F5196CB592001700EC /* Debug */,
				641D83F6196CB592001700EC /* Release */,
			);
			defaultConfigurationIsVisible = 0;
			defaultConfigurationName = Release;
		};
/* End XCConfigurationList section */
	};
	rootObject = 641D83C0196CB592001700EC /* Project object */;
}
